// !$*UTF8*$!
{
	archiveVersion = 1;
	classes = {
	};
	objectVersion = 50;
	objects = {

/* Begin PBXBuildFile section */
		C80B5B7F23EC434D0004F726 /* AppDelegate.swift in Sources */ = {isa = PBXBuildFile; fileRef = C80B5B7E23EC434D0004F726 /* AppDelegate.swift */; };
		C80B5B8323EC434E0004F726 /* Assets.xcassets in Resources */ = {isa = PBXBuildFile; fileRef = C80B5B8223EC434E0004F726 /* Assets.xcassets */; };
		C80B5B8623EC434E0004F726 /* Preview Assets.xcassets in Resources */ = {isa = PBXBuildFile; fileRef = C80B5B8523EC434E0004F726 /* Preview Assets.xcassets */; };
		C80B5B8923EC434E0004F726 /* Main.storyboard in Resources */ = {isa = PBXBuildFile; fileRef = C80B5B8723EC434E0004F726 /* Main.storyboard */; };
		C80B5B9223EC43AC0004F726 /* MetalViewController.swift in Sources */ = {isa = PBXBuildFile; fileRef = C80B5B9123EC43AC0004F726 /* MetalViewController.swift */; };
		C80B5B9423EC4A790004F726 /* Shaders.metal in Sources */ = {isa = PBXBuildFile; fileRef = C80B5B9323EC4A790004F726 /* Shaders.metal */; };
		C827FE0323EDA38A00F75DAE /* MetalContext.swift in Sources */ = {isa = PBXBuildFile; fileRef = C827FE0223EDA38A00F75DAE /* MetalContext.swift */; };
		C827FE0523EDB54300F75DAE /* MathUtilities.swift in Sources */ = {isa = PBXBuildFile; fileRef = C827FE0423EDB54300F75DAE /* MathUtilities.swift */; };
/* End PBXBuildFile section */

/* Begin PBXFileReference section */
		C80B5B7B23EC434D0004F726 /* Metal1.app */ = {isa = PBXFileReference; explicitFileType = wrapper.application; includeInIndex = 0; path = Metal1.app; sourceTree = BUILT_PRODUCTS_DIR; };
		C80B5B7E23EC434D0004F726 /* AppDelegate.swift */ = {isa = PBXFileReference; lastKnownFileType = sourcecode.swift; path = AppDelegate.swift; sourceTree = "<group>"; };
		C80B5B8223EC434E0004F726 /* Assets.xcassets */ = {isa = PBXFileReference; lastKnownFileType = folder.assetcatalog; path = Assets.xcassets; sourceTree = "<group>"; };
		C80B5B8523EC434E0004F726 /* Preview Assets.xcassets */ = {isa = PBXFileReference; lastKnownFileType = folder.assetcatalog; path = "Preview Assets.xcassets"; sourceTree = "<group>"; };
		C80B5B8823EC434E0004F726 /* Base */ = {isa = PBXFileReference; lastKnownFileType = file.storyboard; name = Base; path = Base.lproj/Main.storyboard; sourceTree = "<group>"; };
		C80B5B8A23EC434E0004F726 /* Info.plist */ = {isa = PBXFileReference; lastKnownFileType = text.plist.xml; path = Info.plist; sourceTree = "<group>"; };
		C80B5B8B23EC434E0004F726 /* Metal1.entitlements */ = {isa = PBXFileReference; lastKnownFileType = text.plist.entitlements; path = Metal1.entitlements; sourceTree = "<group>"; };
		C80B5B9123EC43AC0004F726 /* MetalViewController.swift */ = {isa = PBXFileReference; lastKnownFileType = sourcecode.swift; path = MetalViewController.swift; sourceTree = "<group>"; };
		C80B5B9323EC4A790004F726 /* Shaders.metal */ = {isa = PBXFileReference; lastKnownFileType = sourcecode.metal; path = Shaders.metal; sourceTree = "<group>"; };
		C827FE0223EDA38A00F75DAE /* MetalContext.swift */ = {isa = PBXFileReference; lastKnownFileType = sourcecode.swift; path = MetalContext.swift; sourceTree = "<group>"; };
		C827FE0423EDB54300F75DAE /* MathUtilities.swift */ = {isa = PBXFileReference; lastKnownFileType = sourcecode.swift; path = MathUtilities.swift; sourceTree = "<group>"; };
/* End PBXFileReference section */

/* Begin PBXFrameworksBuildPhase section */
		C80B5B7823EC434D0004F726 /* Frameworks */ = {
			isa = PBXFrameworksBuildPhase;
			buildActionMask = 2147483647;
			files = (
			);
			runOnlyForDeploymentPostprocessing = 0;
		};
/* End PBXFrameworksBuildPhase section */

/* Begin PBXGroup section */
		C80B5B7223EC434D0004F726 = {
			isa = PBXGroup;
			children = (
				C80B5B7D23EC434D0004F726 /* Metal1 */,
				C80B5B7C23EC434D0004F726 /* Products */,
			);
			sourceTree = "<group>";
		};
		C80B5B7C23EC434D0004F726 /* Products */ = {
			isa = PBXGroup;
			children = (
				C80B5B7B23EC434D0004F726 /* Metal1.app */,
			);
			name = Products;
			sourceTree = "<group>";
		};
		C80B5B7D23EC434D0004F726 /* Metal1 */ = {
			isa = PBXGroup;
			children = (
				C80B5B7E23EC434D0004F726 /* AppDelegate.swift */,
				C827FE0223EDA38A00F75DAE /* MetalContext.swift */,
				C80B5B9123EC43AC0004F726 /* MetalViewController.swift */,
				C80B5B9323EC4A790004F726 /* Shaders.metal */,
				C80B5B8223EC434E0004F726 /* Assets.xcassets */,
				C80B5B8723EC434E0004F726 /* Main.storyboard */,
				C80B5B8A23EC434E0004F726 /* Info.plist */,
				C80B5B8B23EC434E0004F726 /* Metal1.entitlements */,
				C80B5B8423EC434E0004F726 /* Preview Content */,
				C827FE0423EDB54300F75DAE /* MathUtilities.swift */,
			);
			path = Metal1;
			sourceTree = "<group>";
		};
		C80B5B8423EC434E0004F726 /* Preview Content */ = {
			isa = PBXGroup;
			children = (
				C80B5B8523EC434E0004F726 /* Preview Assets.xcassets */,
			);
			path = "Preview Content";
			sourceTree = "<group>";
		};
/* End PBXGroup section */

/* Begin PBXNativeTarget section */
		C80B5B7A23EC434D0004F726 /* Metal1 */ = {
			isa = PBXNativeTarget;
			buildConfigurationList = C80B5B8E23EC434E0004F726 /* Build configuration list for PBXNativeTarget "Metal1" */;
			buildPhases = (
				C80B5B7723EC434D0004F726 /* Sources */,
				C80B5B7823EC434D0004F726 /* Frameworks */,
				C80B5B7923EC434D0004F726 /* Resources */,
			);
			buildRules = (
			);
			dependencies = (
			);
			name = Metal1;
			productName = Metal1;
			productReference = C80B5B7B23EC434D0004F726 /* Metal1.app */;
			productType = "com.apple.product-type.application";
		};
/* End PBXNativeTarget section */

/* Begin PBXProject section */
		C80B5B7323EC434D0004F726 /* Project object */ = {
			isa = PBXProject;
			attributes = {
				LastSwiftUpdateCheck = 1130;
				LastUpgradeCheck = 1130;
				ORGANIZATIONNAME = cutting.io;
				TargetAttributes = {
					C80B5B7A23EC434D0004F726 = {
						CreatedOnToolsVersion = 11.3.1;
					};
				};
			};
			buildConfigurationList = C80B5B7623EC434D0004F726 /* Build configuration list for PBXProject "Metal1" */;
			compatibilityVersion = "Xcode 9.3";
			developmentRegion = en;
			hasScannedForEncodings = 0;
			knownRegions = (
				en,
				Base,
			);
			mainGroup = C80B5B7223EC434D0004F726;
			productRefGroup = C80B5B7C23EC434D0004F726 /* Products */;
			projectDirPath = "";
			projectRoot = "";
			targets = (
				C80B5B7A23EC434D0004F726 /* Metal1 */,
			);
		};
/* End PBXProject section */

/* Begin PBXResourcesBuildPhase section */
		C80B5B7923EC434D0004F726 /* Resources */ = {
			isa = PBXResourcesBuildPhase;
			buildActionMask = 2147483647;
			files = (
				C80B5B8923EC434E0004F726 /* Main.storyboard in Resources */,
				C80B5B8623EC434E0004F726 /* Preview Assets.xcassets in Resources */,
				C80B5B8323EC434E0004F726 /* Assets.xcassets in Resources */,
			);
			runOnlyForDeploymentPostprocessing = 0;
		};
/* End PBXResourcesBuildPhase section */

/* Begin PBXSourcesBuildPhase section */
		C80B5B7723EC434D0004F726 /* Sources */ = {
			isa = PBXSourcesBuildPhase;
			buildActionMask = 2147483647;
			files = (
				C80B5B9423EC4A790004F726 /* Shaders.metal in Sources */,
				C827FE0323EDA38A00F75DAE /* MetalContext.swift in Sources */,
				C80B5B9223EC43AC0004F726 /* MetalViewController.swift in Sources */,
				C80B5B7F23EC434D0004F726 /* AppDelegate.swift in Sources */,
				C827FE0523EDB54300F75DAE /* MathUtilities.swift in Sources */,
			);
			runOnlyForDeploymentPostprocessing = 0;
		};
/* End PBXSourcesBuildPhase section */

/* Begin PBXVariantGroup section */
		C80B5B8723EC434E0004F726 /* Main.storyboard */ = {
			isa = PBXVariantGroup;
			children = (
				C80B5B8823EC434E0004F726 /* Base */,
			);
			name = Main.storyboard;
			sourceTree = "<group>";
		};
/* End PBXVariantGroup section */

/* Begin XCBuildConfiguration section */
		C80B5B8C23EC434E0004F726 /* Debug */ = {
			isa = XCBuildConfiguration;
			buildSettings = {
				ALWAYS_SEARCH_USER_PATHS = NO;
				CLANG_ANALYZER_NONNULL = YES;
				CLANG_ANALYZER_NUMBER_OBJECT_CONVERSION = YES_AGGRESSIVE;
				CLANG_CXX_LANGUAGE_STANDARD = "gnu++14";
				CLANG_CXX_LIBRARY = "libc++";
				CLANG_ENABLE_MODULES = YES;
				CLANG_ENABLE_OBJC_ARC = YES;
				CLANG_ENABLE_OBJC_WEAK = YES;
				CLANG_WARN_BLOCK_CAPTURE_AUTORELEASING = YES;
				CLANG_WARN_BOOL_CONVERSION = YES;
				CLANG_WARN_COMMA = YES;
				CLANG_WARN_CONSTANT_CONVERSION = YES;
				CLANG_WARN_DEPRECATED_OBJC_IMPLEMENTATIONS = YES;
				CLANG_WARN_DIRECT_OBJC_ISA_USAGE = YES_ERROR;
				CLANG_WARN_DOCUMENTATION_COMMENTS = YES;
				CLANG_WARN_EMPTY_BODY = YES;
				CLANG_WARN_ENUM_CONVERSION = YES;
				CLANG_WARN_INFINITE_RECURSION = YES;
				CLANG_WARN_INT_CONVERSION = YES;
				CLANG_WARN_NON_LITERAL_NULL_CONVERSION = YES;
				CLANG_WARN_OBJC_IMPLICIT_RETAIN_SELF = YES;
				CLANG_WARN_OBJC_LITERAL_CONVERSION = YES;
				CLANG_WARN_OBJC_ROOT_CLASS = YES_ERROR;
				CLANG_WARN_RANGE_LOOP_ANALYSIS = YES;
				CLANG_WARN_STRICT_PROTOTYPES = YES;
				CLANG_WARN_SUSPICIOUS_MOVE = YES;
				CLANG_WARN_UNGUARDED_AVAILABILITY = YES_AGGRESSIVE;
				CLANG_WARN_UNREACHABLE_CODE = YES;
				CLANG_WARN__DUPLICATE_METHOD_MATCH = YES;
				COPY_PHASE_STRIP = NO;
				DEBUG_INFORMATION_FORMAT = dwarf;
				ENABLE_STRICT_OBJC_MSGSEND = YES;
				ENABLE_TESTABILITY = YES;
				GCC_C_LANGUAGE_STANDARD = gnu11;
				GCC_DYNAMIC_NO_PIC = NO;
				GCC_NO_COMMON_BLOCKS = YES;
				GCC_OPTIMIZATION_LEVEL = 0;
				GCC_PREPROCESSOR_DEFINITIONS = (
					"DEBUG=1",
					"$(inherited)",
				);
				GCC_WARN_64_TO_32_BIT_CONVERSION = YES;
				GCC_WARN_ABOUT_RETURN_TYPE = YES_ERROR;
				GCC_WARN_UNDECLARED_SELECTOR = YES;
				GCC_WARN_UNINITIALIZED_AUTOS = YES_AGGRESSIVE;
				GCC_WARN_UNUSED_FUNCTION = YES;
				GCC_WARN_UNUSED_VARIABLE = YES;
				MACOSX_DEPLOYMENT_TARGET = 10.15;
				MTL_ENABLE_DEBUG_INFO = INCLUDE_SOURCE;
				MTL_FAST_MATH = YES;
				ONLY_ACTIVE_ARCH = YES;
				SDKROOT = macosx;
				SWIFT_ACTIVE_COMPILATION_CONDITIONS = DEBUG;
				SWIFT_OPTIMIZATION_LEVEL = "-Onone";
			};
			name = Debug;
		};
		C80B5B8D23EC434E0004F726 /* Release */ = {
			isa = XCBuildConfiguration;
			buildSettings = {
				ALWAYS_SEARCH_USER_PATHS = NO;
				CLANG_ANALYZER_NONNULL = YES;
				CLANG_ANALYZER_NUMBER_OBJECT_CONVERSION = YES_AGGRESSIVE;
				CLANG_CXX_LANGUAGE_STANDARD = "gnu++14";
				CLANG_CXX_LIBRARY = "libc++";
				CLANG_ENABLE_MODULES = YES;
				CLANG_ENABLE_OBJC_ARC = YES;
				CLANG_ENABLE_OBJC_WEAK = YES;
				CLANG_WARN_BLOCK_CAPTURE_AUTORELEASING = YES;
				CLANG_WARN_BOOL_CONVERSION = YES;
				CLANG_WARN_COMMA = YES;
				CLANG_WARN_CONSTANT_CONVERSION = YES;
				CLANG_WARN_DEPRECATED_OBJC_IMPLEMENTATIONS = YES;
				CLANG_WARN_DIRECT_OBJC_ISA_USAGE = YES_ERROR;
				CLANG_WARN_DOCUMENTATION_COMMENTS = YES;
				CLANG_WARN_EMPTY_BODY = YES;
				CLANG_WARN_ENUM_CONVERSION = YES;
				CLANG_WARN_INFINITE_RECURSION = YES;
				CLANG_WARN_INT_CONVERSION = YES;
				CLANG_WARN_NON_LITERAL_NULL_CONVERSION = YES;
				CLANG_WARN_OBJC_IMPLICIT_RETAIN_SELF = YES;
				CLANG_WARN_OBJC_LITERAL_CONVERSION = YES;
				CLANG_WARN_OBJC_ROOT_CLASS = YES_ERROR;
				CLANG_WARN_RANGE_LOOP_ANALYSIS = YES;
				CLANG_WARN_STRICT_PROTOTYPES = YES;
				CLANG_WARN_SUSPICIOUS_MOVE = YES;
				CLANG_WARN_UNGUARDED_AVAILABILITY = YES_AGGRESSIVE;
				CLANG_WARN_UNREACHABLE_CODE = YES;
				CLANG_WARN__DUPLICATE_METHOD_MATCH = YES;
				COPY_PHASE_STRIP = NO;
				DEBUG_INFORMATION_FORMAT = "dwarf-with-dsym";
				ENABLE_NS_ASSERTIONS = NO;
				ENABLE_STRICT_OBJC_MSGSEND = YES;
				GCC_C_LANGUAGE_STANDARD = gnu11;
				GCC_NO_COMMON_BLOCKS = YES;
				GCC_WARN_64_TO_32_BIT_CONVERSION = YES;
				GCC_WARN_ABOUT_RETURN_TYPE = YES_ERROR;
				GCC_WARN_UNDECLARED_SELECTOR = YES;
				GCC_WARN_UNINITIALIZED_AUTOS = YES_AGGRESSIVE;
				GCC_WARN_UNUSED_FUNCTION = YES;
				GCC_WARN_UNUSED_VARIABLE = YES;
				MACOSX_DEPLOYMENT_TARGET = 10.15;
				MTL_ENABLE_DEBUG_INFO = NO;
				MTL_FAST_MATH = YES;
				SDKROOT = macosx;
				SWIFT_COMPILATION_MODE = wholemodule;
				SWIFT_OPTIMIZATION_LEVEL = "-O";
			};
			name = Release;
		};
		C80B5B8F23EC434E0004F726 /* Debug */ = {
			isa = XCBuildConfiguration;
			buildSettings = {
				ASSETCATALOG_COMPILER_APPICON_NAME = AppIcon;
				CODE_SIGN_ENTITLEMENTS = Metal1/Metal1.entitlements;
				CODE_SIGN_STYLE = Automatic;
				COMBINE_HIDPI_IMAGES = YES;
				DEVELOPMENT_ASSET_PATHS = "\"Metal1/Preview Content\"";
				DEVELOPMENT_TEAM = AYHK8KU7G7;
				ENABLE_HARDENED_RUNTIME = YES;
				ENABLE_PREVIEWS = YES;
				INFOPLIST_FILE = Metal1/Info.plist;
				LD_RUNPATH_SEARCH_PATHS = (
					"$(inherited)",
					"@executable_path/../Frameworks",
				);
				MACOSX_DEPLOYMENT_TARGET = 10.15;
				PRODUCT_BUNDLE_IDENTIFIER = io.cutting.Metal1;
				PRODUCT_NAME = "$(TARGET_NAME)";
				SWIFT_VERSION = 5.0;
			};
			name = Debug;
		};
		C80B5B9023EC434E0004F726 /* Release */ = {
			isa = XCBuildConfiguration;
			buildSettings = {
				ASSETCATALOG_COMPILER_APPICON_NAME = AppIcon;
				CODE_SIGN_ENTITLEMENTS = Metal1/Metal1.entitlements;
				CODE_SIGN_STYLE = Automatic;
				COMBINE_HIDPI_IMAGES = YES;
				DEVELOPMENT_ASSET_PATHS = "\"Metal1/Preview Content\"";
				DEVELOPMENT_TEAM = AYHK8KU7G7;
				ENABLE_HARDENED_RUNTIME = YES;
				ENABLE_PREVIEWS = YES;
				INFOPLIST_FILE = Metal1/Info.plist;
				LD_RUNPATH_SEARCH_PATHS = (
					"$(inherited)",
					"@executable_path/../Frameworks",
				);
				MACOSX_DEPLOYMENT_TARGET = 10.15;
				PRODUCT_BUNDLE_IDENTIFIER = io.cutting.Metal1;
				PRODUCT_NAME = "$(TARGET_NAME)";
				SWIFT_VERSION = 5.0;
			};
			name = Release;
		};
/* End XCBuildConfiguration section */

/* Begin XCConfigurationList section */
		C80B5B7623EC434D0004F726 /* Build configuration list for PBXProject "Metal1" */ = {
			isa = XCConfigurationList;
			buildConfigurations = (
				C80B5B8C23EC434E0004F726 /* Debug */,
				C80B5B8D23EC434E0004F726 /* Release */,
			);
			defaultConfigurationIsVisible = 0;
			defaultConfigurationName = Release;
		};
		C80B5B8E23EC434E0004F726 /* Build configuration list for PBXNativeTarget "Metal1" */ = {
			isa = XCConfigurationList;
			buildConfigurations = (
				C80B5B8F23EC434E0004F726 /* Debug */,
				C80B5B9023EC434E0004F726 /* Release */,
			);
			defaultConfigurationIsVisible = 0;
			defaultConfigurationName = Release;
		};
/* End XCConfigurationList section */
	};
	rootObject = C80B5B7323EC434D0004F726 /* Project object */;
}
