// !$*UTF8*$!
{
	archiveVersion = 1;
	classes = {
	};
	objectVersion = 90;
	objects = {

/* Begin PBXBuildFile section */
		C81EE6AE2E0CC5AF00802F8B /* PhyKit in Frameworks */ = {isa = PBXBuildFile; productRef = C81EE6AD2E0CC5AF00802F8B /* PhyKit */; };
		C81EE6B12E0CC5EB00802F8B /* PhyKit in Frameworks */ = {isa = PBXBuildFile; productRef = C81EE6B02E0CC5EB00802F8B /* PhyKit */; };
		C81EE6B32E0CC5FE00802F8B /* PhyKit in Frameworks */ = {isa = PBXBuildFile; productRef = C81EE6B22E0CC5FE00802F8B /* PhyKit */; };
		C81EE6B52E0CC62700802F8B /* PhyKit in Frameworks */ = {isa = PBXBuildFile; productRef = C81EE6B42E0CC62700802F8B /* PhyKit */; };
		C8AFE7FE2E02C3E200CC7E45 /* PhyKit in Frameworks */ = {isa = PBXBuildFile; productRef = C8AFE7FD2E02C3E200CC7E45 /* PhyKit */; };
/* End PBXBuildFile section */

/* Begin PBXFileReference section */
		C848AD712E0CC82E001E9347 /* Terrainium.app */ = {isa = PBXFileReference; explicitFileType = wrapper.application; includeInIndex = 0; path = Terrainium.app; sourceTree = BUILT_PRODUCTS_DIR; };
		C848AD722E0CC82E001E9347 /* CubeSphere.app */ = {isa = PBXFileReference; explicitFileType = wrapper.application; includeInIndex = 0; path = CubeSphere.app; sourceTree = BUILT_PRODUCTS_DIR; };
		C848AD732E0CC82E001E9347 /* CubeSphere.app */ = {isa = PBXFileReference; explicitFileType = wrapper.application; includeInIndex = 0; path = CubeSphere.app; sourceTree = BUILT_PRODUCTS_DIR; };
		C848AD742E0CC82E001E9347 /* CubeSphere.app */ = {isa = PBXFileReference; explicitFileType = wrapper.application; includeInIndex = 0; path = CubeSphere.app; sourceTree = BUILT_PRODUCTS_DIR; };
		C848AD752E0CC82E001E9347 /* PersistentGrid.app */ = {isa = PBXFileReference; explicitFileType = wrapper.application; includeInIndex = 0; path = PersistentGrid.app; sourceTree = BUILT_PRODUCTS_DIR; };
		C866D9632E0CC6D1008C6789 /* Plan.md */ = {isa = PBXFileReference; lastKnownFileType = net.daringfireball.markdown; path = Plan.md; sourceTree = "<group>"; };
/* End PBXFileReference section */

/* Begin PBXFileSystemSynchronizedBuildFileExceptionSet section */
		C81EE6112E0CC50600802F8B /* Exceptions for "Shared" folder in "Terrainium" target */ = {
			isa = PBXFileSystemSynchronizedBuildFileExceptionSet;
			membershipExceptions = (
				Environs.swift,
				Physics.swift,
			);
			target = C8A3A77E2953352D005D37CE /* Terrainium */;
		};
		C81EE6122E0CC50600802F8B /* Exceptions for "Shared" folder in "CubeSphere iOS" target */ = {
			isa = PBXFileSystemSynchronizedBuildFileExceptionSet;
			membershipExceptions = (
				Environs.swift,
			);
			target = C8E8CEFC2B4A880B00D23AA0 /* CubeSphere iOS */;
		};
		C81EE6132E0CC50600802F8B /* Exceptions for "Shared" folder in "CubeSphere tvOS" target */ = {
			isa = PBXFileSystemSynchronizedBuildFileExceptionSet;
			membershipExceptions = (
				Environs.swift,
			);
			target = C8E8CF0C2B4A880B00D23AA0 /* CubeSphere tvOS */;
		};
		C81EE6142E0CC50600802F8B /* Exceptions for "Shared" folder in "CubeSphere macOS" target */ = {
			isa = PBXFileSystemSynchronizedBuildFileExceptionSet;
			membershipExceptions = (
				Environs.swift,
			);
			target = C8E8CF1C2B4A880B00D23AA0 /* CubeSphere macOS */;
		};
		C81EE65E2E0CC50900802F8B /* Exceptions for "PersistentGrid" folder in "PersistentGrid" target */ = {
			isa = PBXFileSystemSynchronizedBuildFileExceptionSet;
			membershipExceptions = (
				Utility/Info.plist,
			);
			target = C80B5B7A23EC434D0004F726 /* PersistentGrid */;
		};
/* End PBXFileSystemSynchronizedBuildFileExceptionSet section */

/* Begin PBXFileSystemSynchronizedGroupBuildPhaseMembershipExceptionSet section */
		C81EE6892E0CC51000802F8B /* Exceptions for "CubeSphere Shared" folder in "Copy Bundle Resources" phase from "CubeSphere iOS" target */ = {
			isa = PBXFileSystemSynchronizedGroupBuildPhaseMembershipExceptionSet;
			buildPhase = C8E8CEFB2B4A880B00D23AA0 /* Resources */;
			membershipExceptions = (
				ShaderTypes.h,
			);
		};
		C81EE68A2E0CC51000802F8B /* Exceptions for "CubeSphere Shared" folder in "Copy Bundle Resources" phase from "CubeSphere tvOS" target */ = {
			isa = PBXFileSystemSynchronizedGroupBuildPhaseMembershipExceptionSet;
			buildPhase = C8E8CF0B2B4A880B00D23AA0 /* Resources */;
			membershipExceptions = (
				ShaderTypes.h,
			);
		};
		C81EE68B2E0CC51000802F8B /* Exceptions for "CubeSphere Shared" folder in "Copy Bundle Resources" phase from "CubeSphere macOS" target */ = {
			isa = PBXFileSystemSynchronizedGroupBuildPhaseMembershipExceptionSet;
			buildPhase = C8E8CF1B2B4A880B00D23AA0 /* Resources */;
			membershipExceptions = (
				ShaderTypes.h,
			);
		};
/* End PBXFileSystemSynchronizedGroupBuildPhaseMembershipExceptionSet section */

/* Begin PBXFileSystemSynchronizedRootGroup section */
		C81EE5CF2E0CC50600802F8B /* Shared */ = {
			isa = PBXFileSystemSynchronizedRootGroup;
			exceptions = (
				C81EE6112E0CC50600802F8B /* Exceptions for "Shared" folder in "Terrainium" target */,
				C81EE6122E0CC50600802F8B /* Exceptions for "Shared" folder in "CubeSphere iOS" target */,
				C81EE6132E0CC50600802F8B /* Exceptions for "Shared" folder in "CubeSphere tvOS" target */,
				C81EE6142E0CC50600802F8B /* Exceptions for "Shared" folder in "CubeSphere macOS" target */,
			);
			path = Shared;
			sourceTree = "<group>";
		};
		C81EE63C2E0CC50900802F8B /* PersistentGrid */ = {
			isa = PBXFileSystemSynchronizedRootGroup;
			exceptions = (
				C81EE65E2E0CC50900802F8B /* Exceptions for "PersistentGrid" folder in "PersistentGrid" target */,
			);
			path = PersistentGrid;
			sourceTree = "<group>";
		};
		C81EE66A2E0CC50D00802F8B /* Terrainium */ = {
			isa = PBXFileSystemSynchronizedRootGroup;
			path = Terrainium;
			sourceTree = "<group>";
		};
		C81EE6792E0CC51000802F8B /* CubeSphere Shared */ = {
			isa = PBXFileSystemSynchronizedRootGroup;
			exceptions = (
				C81EE6892E0CC51000802F8B /* Exceptions for "CubeSphere Shared" folder in "Copy Bundle Resources" phase from "CubeSphere iOS" target */,
				C81EE68A2E0CC51000802F8B /* Exceptions for "CubeSphere Shared" folder in "Copy Bundle Resources" phase from "CubeSphere tvOS" target */,
				C81EE68B2E0CC51000802F8B /* Exceptions for "CubeSphere Shared" folder in "Copy Bundle Resources" phase from "CubeSphere macOS" target */,
			);
			path = "CubeSphere Shared";
			sourceTree = "<group>";
		};
		C81EE6922E0CC51500802F8B /* CubeSphere iOS */ = {
			isa = PBXFileSystemSynchronizedRootGroup;
			path = "CubeSphere iOS";
			sourceTree = "<group>";
		};
		C81EE69D2E0CC51700802F8B /* CubeSphere tvOS */ = {
			isa = PBXFileSystemSynchronizedRootGroup;
			path = "CubeSphere tvOS";
			sourceTree = "<group>";
		};
		C81EE6A72E0CC51900802F8B /* CubeSphere macOS */ = {
			isa = PBXFileSystemSynchronizedRootGroup;
			path = "CubeSphere macOS";
			sourceTree = "<group>";
		};
/* End PBXFileSystemSynchronizedRootGroup section */

/* Begin PBXFrameworksBuildPhase section */
		C80B5B7823EC434D0004F726 /* Frameworks */ = {
			isa = PBXFrameworksBuildPhase;
			files = (
				C81EE6B32E0CC5FE00802F8B /* PhyKit in Frameworks */,
			);
		};
		C8A3A77C2953352D005D37CE /* Frameworks */ = {
			isa = PBXFrameworksBuildPhase;
			files = (
			);
		};
		C8E8CEFA2B4A880B00D23AA0 /* Frameworks */ = {
			isa = PBXFrameworksBuildPhase;
			files = (
				C81EE6B52E0CC62700802F8B /* PhyKit in Frameworks */,
			);
		};
		C8E8CF0A2B4A880B00D23AA0 /* Frameworks */ = {
			isa = PBXFrameworksBuildPhase;
			files = (
				C81EE6B12E0CC5EB00802F8B /* PhyKit in Frameworks */,
			);
		};
		C8E8CF1A2B4A880B00D23AA0 /* Frameworks */ = {
			isa = PBXFrameworksBuildPhase;
			files = (
				C8AFE7FE2E02C3E200CC7E45 /* PhyKit in Frameworks */,
				C81EE6AE2E0CC5AF00802F8B /* PhyKit in Frameworks */,
			);
		};
/* End PBXFrameworksBuildPhase section */

/* Begin PBXGroup section */
		C80B5B7223EC434D0004F726 = {
			isa = PBXGroup;
			children = (
				C866D9632E0CC6D1008C6789 /* Plan.md */,
				C81EE5CF2E0CC50600802F8B /* Shared */,
				C81EE6792E0CC51000802F8B /* CubeSphere Shared */,
				C81EE6922E0CC51500802F8B /* CubeSphere iOS */,
				C81EE6A72E0CC51900802F8B /* CubeSphere macOS */,
				C81EE69D2E0CC51700802F8B /* CubeSphere tvOS */,
				C81EE63C2E0CC50900802F8B /* PersistentGrid */,
				C81EE66A2E0CC50D00802F8B /* Terrainium */,
				C848AE592E0CC86C001E9347 /* Products */,
			);
			indentWidth = 2;
			sourceTree = "<group>";
			tabWidth = 2;
		};
		C848AE592E0CC86C001E9347 /* Products */ = {
			isa = PBXGroup;
			children = (
				C848AD712E0CC82E001E9347 /* Terrainium.app */,
				C848AD722E0CC82E001E9347 /* CubeSphere.app */,
				C848AD732E0CC82E001E9347 /* CubeSphere.app */,
				C848AD742E0CC82E001E9347 /* CubeSphere.app */,
				C848AD752E0CC82E001E9347 /* PersistentGrid.app */,
			);
			path = Products;
			sourceTree = "<group>";
		};
/* End PBXGroup section */

/* Begin PBXNativeTarget section */
		C80B5B7A23EC434D0004F726 /* PersistentGrid */ = {
			isa = PBXNativeTarget;
			buildConfigurationList = C80B5B8E23EC434E0004F726 /* Build configuration list for PBXNativeTarget "PersistentGrid" */;
			buildPhases = (
				C80B5B7723EC434D0004F726 /* Sources */,
				C80B5B7823EC434D0004F726 /* Frameworks */,
				C80B5B7923EC434D0004F726 /* Resources */,
			);
			buildRules = (
			);
			fileSystemSynchronizedGroups = (
				C81EE5CF2E0CC50600802F8B /* Shared */,
				C81EE63C2E0CC50900802F8B /* PersistentGrid */,
			);
			name = PersistentGrid;
			packageProductDependencies = (
				C81EE6B22E0CC5FE00802F8B /* PhyKit */,
			);
			productName = Metal1;
			productReference = C848AD752E0CC82E001E9347 /* PersistentGrid.app */;
			productType = "com.apple.product-type.application";
		};
		C8A3A77E2953352D005D37CE /* Terrainium */ = {
			isa = PBXNativeTarget;
			buildConfigurationList = C8A3A79229533531005D37CE /* Build configuration list for PBXNativeTarget "Terrainium" */;
			buildPhases = (
				C8A3A77B2953352D005D37CE /* Sources */,
				C8A3A77C2953352D005D37CE /* Frameworks */,
				C8A3A77D2953352D005D37CE /* Resources */,
			);
			buildRules = (
			);
			fileSystemSynchronizedGroups = (
				C81EE5CF2E0CC50600802F8B /* Shared */,
				C81EE66A2E0CC50D00802F8B /* Terrainium */,
			);
			name = Terrainium;
			productName = Terrainium;
			productReference = C848AD712E0CC82E001E9347 /* Terrainium.app */;
			productType = "com.apple.product-type.application";
		};
		C8E8CEFC2B4A880B00D23AA0 /* CubeSphere iOS */ = {
			isa = PBXNativeTarget;
			buildConfigurationList = C8E8CF332B4A880B00D23AA0 /* Build configuration list for PBXNativeTarget "CubeSphere iOS" */;
			buildPhases = (
				C8E8CEF92B4A880B00D23AA0 /* Sources */,
				C8E8CEFA2B4A880B00D23AA0 /* Frameworks */,
				C8E8CEFB2B4A880B00D23AA0 /* Resources */,
			);
			buildRules = (
			);
			fileSystemSynchronizedGroups = (
				C81EE5CF2E0CC50600802F8B /* Shared */,
				C81EE6792E0CC51000802F8B /* CubeSphere Shared */,
				C81EE6922E0CC51500802F8B /* CubeSphere iOS */,
			);
			name = "CubeSphere iOS";
			packageProductDependencies = (
				C81EE6B42E0CC62700802F8B /* PhyKit */,
			);
			productName = "CubeSphere iOS";
			productReference = C848AD722E0CC82E001E9347 /* CubeSphere.app */;
			productType = "com.apple.product-type.application";
		};
		C8E8CF0C2B4A880B00D23AA0 /* CubeSphere tvOS */ = {
			isa = PBXNativeTarget;
			buildConfigurationList = C8E8CF362B4A880B00D23AA0 /* Build configuration list for PBXNativeTarget "CubeSphere tvOS" */;
			buildPhases = (
				C8E8CF092B4A880B00D23AA0 /* Sources */,
				C8E8CF0A2B4A880B00D23AA0 /* Frameworks */,
				C8E8CF0B2B4A880B00D23AA0 /* Resources */,
			);
			buildRules = (
			);
			fileSystemSynchronizedGroups = (
				C81EE5CF2E0CC50600802F8B /* Shared */,
				C81EE6792E0CC51000802F8B /* CubeSphere Shared */,
				C81EE69D2E0CC51700802F8B /* CubeSphere tvOS */,
			);
			name = "CubeSphere tvOS";
			packageProductDependencies = (
				C81EE6B02E0CC5EB00802F8B /* PhyKit */,
			);
			productName = "CubeSphere tvOS";
			productReference = C848AD732E0CC82E001E9347 /* CubeSphere.app */;
			productType = "com.apple.product-type.application";
		};
		C8E8CF1C2B4A880B00D23AA0 /* CubeSphere macOS */ = {
			isa = PBXNativeTarget;
			buildConfigurationList = C8E8CF392B4A880B00D23AA0 /* Build configuration list for PBXNativeTarget "CubeSphere macOS" */;
			buildPhases = (
				C8E8CF192B4A880B00D23AA0 /* Sources */,
				C8E8CF1A2B4A880B00D23AA0 /* Frameworks */,
				C8E8CF1B2B4A880B00D23AA0 /* Resources */,
			);
			buildRules = (
			);
			fileSystemSynchronizedGroups = (
				C81EE5CF2E0CC50600802F8B /* Shared */,
				C81EE6792E0CC51000802F8B /* CubeSphere Shared */,
				C81EE6A72E0CC51900802F8B /* CubeSphere macOS */,
			);
			name = "CubeSphere macOS";
			packageProductDependencies = (
				C81EE6AD2E0CC5AF00802F8B /* PhyKit */,
			);
			productName = "CubeSphere macOS";
			productReference = C848AD742E0CC82E001E9347 /* CubeSphere.app */;
			productType = "com.apple.product-type.application";
		};
/* End PBXNativeTarget section */

/* Begin PBXProject section */
		C80B5B7323EC434D0004F726 /* Project object */ = {
			isa = PBXProject;
			attributes = {
				BuildIndependentTargetsInParallel = YES;
				LastSwiftUpdateCheck = 1540;
				LastUpgradeCheck = 2600;
				ORGANIZATIONNAME = cutting.io;
				TargetAttributes = {
					C80B5B7A23EC434D0004F726 = {
						CreatedOnToolsVersion = 11.3.1;
					};
					C8A3A77E2953352D005D37CE = {
						CreatedOnToolsVersion = 14.2;
					};
					C8E8CEFC2B4A880B00D23AA0 = {
						CreatedOnToolsVersion = 15.1;
					};
					C8E8CF0C2B4A880B00D23AA0 = {
						CreatedOnToolsVersion = 15.1;
					};
					C8E8CF1C2B4A880B00D23AA0 = {
						CreatedOnToolsVersion = 15.1;
					};
				};
			};
			buildConfigurationList = C80B5B7623EC434D0004F726 /* Build configuration list for PBXProject "WorldJourney" */;
			developmentRegion = en;
			hasScannedForEncodings = 0;
			knownRegions = (
				en,
				Base,
			);
			mainGroup = C80B5B7223EC434D0004F726;
			minimizedProjectReferenceProxies = 1;
			packageReferences = (
				C81EE6AC2E0CC5AF00802F8B /* XCLocalSwiftPackageReference "../PhyKit" */,
			);
			preferredProjectObjectVersion = 90;
			productRefGroup = C80B5B7223EC434D0004F726;
			projectDirPath = "";
			projectRoot = "";
			targets = (
				C80B5B7A23EC434D0004F726 /* PersistentGrid */,
				C8A3A77E2953352D005D37CE /* Terrainium */,
				C8E8CEFC2B4A880B00D23AA0 /* CubeSphere iOS */,
				C8E8CF0C2B4A880B00D23AA0 /* CubeSphere tvOS */,
				C8E8CF1C2B4A880B00D23AA0 /* CubeSphere macOS */,
			);
		};
/* End PBXProject section */

/* Begin PBXResourcesBuildPhase section */
		C80B5B7923EC434D0004F726 /* Resources */ = {
			isa = PBXResourcesBuildPhase;
			files = (
			);
		};
		C8A3A77D2953352D005D37CE /* Resources */ = {
			isa = PBXResourcesBuildPhase;
			files = (
			);
		};
		C8E8CEFB2B4A880B00D23AA0 /* Resources */ = {
			isa = PBXResourcesBuildPhase;
			files = (
			);
		};
		C8E8CF0B2B4A880B00D23AA0 /* Resources */ = {
			isa = PBXResourcesBuildPhase;
			files = (
			);
		};
		C8E8CF1B2B4A880B00D23AA0 /* Resources */ = {
			isa = PBXResourcesBuildPhase;
			files = (
			);
		};
/* End PBXResourcesBuildPhase section */

/* Begin PBXSourcesBuildPhase section */
		C80B5B7723EC434D0004F726 /* Sources */ = {
			isa = PBXSourcesBuildPhase;
			files = (
			);
		};
		C8A3A77B2953352D005D37CE /* Sources */ = {
			isa = PBXSourcesBuildPhase;
			files = (
			);
		};
		C8E8CEF92B4A880B00D23AA0 /* Sources */ = {
			isa = PBXSourcesBuildPhase;
			files = (
			);
		};
		C8E8CF092B4A880B00D23AA0 /* Sources */ = {
			isa = PBXSourcesBuildPhase;
			files = (
			);
		};
		C8E8CF192B4A880B00D23AA0 /* Sources */ = {
			isa = PBXSourcesBuildPhase;
			files = (
			);
		};
/* End PBXSourcesBuildPhase section */

/* Begin XCBuildConfiguration section */
		C80B5B8C23EC434E0004F726 /* Debug configuration for PBXProject "WorldJourney" */ = {
			isa = XCBuildConfiguration;
			buildSettings = {
				ALWAYS_SEARCH_USER_PATHS = NO;
				ASSETCATALOG_COMPILER_GENERATE_SWIFT_ASSET_SYMBOL_EXTENSIONS = YES;
				CLANG_ANALYZER_NONNULL = YES;
				CLANG_ANALYZER_NUMBER_OBJECT_CONVERSION = YES_AGGRESSIVE;
				CLANG_CXX_LANGUAGE_STANDARD = "gnu++14";
				CLANG_CXX_LIBRARY = "libc++";
				CLANG_ENABLE_MODULES = YES;
				CLANG_ENABLE_OBJC_ARC = YES;
				CLANG_ENABLE_OBJC_WEAK = YES;
				CLANG_WARN_BLOCK_CAPTURE_AUTORELEASING = YES;
				CLANG_WARN_BOOL_CONVERSION = YES;
				CLANG_WARN_COMMA = YES;
				CLANG_WARN_CONSTANT_CONVERSION = YES;
				CLANG_WARN_DEPRECATED_OBJC_IMPLEMENTATIONS = YES;
				CLANG_WARN_DIRECT_OBJC_ISA_USAGE = YES_ERROR;
				CLANG_WARN_DOCUMENTATION_COMMENTS = YES;
				CLANG_WARN_EMPTY_BODY = YES;
				CLANG_WARN_ENUM_CONVERSION = YES;
				CLANG_WARN_INFINITE_RECURSION = YES;
				CLANG_WARN_INT_CONVERSION = YES;
				CLANG_WARN_NON_LITERAL_NULL_CONVERSION = YES;
				CLANG_WARN_OBJC_IMPLICIT_RETAIN_SELF = YES;
				CLANG_WARN_OBJC_LITERAL_CONVERSION = YES;
				CLANG_WARN_OBJC_ROOT_CLASS = YES_ERROR;
				CLANG_WARN_QUOTED_INCLUDE_IN_FRAMEWORK_HEADER = YES;
				CLANG_WARN_RANGE_LOOP_ANALYSIS = YES;
				CLANG_WARN_STRICT_PROTOTYPES = YES;
				CLANG_WARN_SUSPICIOUS_MOVE = YES;
				CLANG_WARN_UNGUARDED_AVAILABILITY = YES_AGGRESSIVE;
				CLANG_WARN_UNREACHABLE_CODE = YES;
				CLANG_WARN__DUPLICATE_METHOD_MATCH = YES;
				COPY_PHASE_STRIP = NO;
				DEAD_CODE_STRIPPING = YES;
				DEBUG_INFORMATION_FORMAT = dwarf;
				DEVELOPMENT_TEAM = PR3PVSMTJ6;
				ENABLE_STRICT_OBJC_MSGSEND = YES;
				ENABLE_TESTABILITY = YES;
				ENABLE_USER_SCRIPT_SANDBOXING = YES;
				GCC_C_LANGUAGE_STANDARD = gnu11;
				GCC_DYNAMIC_NO_PIC = NO;
				GCC_NO_COMMON_BLOCKS = YES;
				GCC_OPTIMIZATION_LEVEL = 0;
				GCC_PREPROCESSOR_DEFINITIONS = (
					"DEBUG=1",
					"$(inherited)",
				);
				GCC_WARN_64_TO_32_BIT_CONVERSION = YES;
				GCC_WARN_ABOUT_RETURN_TYPE = YES_ERROR;
				GCC_WARN_UNDECLARED_SELECTOR = YES;
				GCC_WARN_UNINITIALIZED_AUTOS = YES_AGGRESSIVE;
				GCC_WARN_UNUSED_FUNCTION = YES;
				GCC_WARN_UNUSED_VARIABLE = YES;
				MACOSX_DEPLOYMENT_TARGET = 10.15;
				MTL_ENABLE_DEBUG_INFO = INCLUDE_SOURCE;
				MTL_FAST_MATH = YES;
				ONLY_ACTIVE_ARCH = YES;
				SDKROOT = macosx;
				STRING_CATALOG_GENERATE_SYMBOLS = YES;
				SWIFT_ACTIVE_COMPILATION_CONDITIONS = DEBUG;
				SWIFT_OPTIMIZATION_LEVEL = "-Onone";
			};
			name = Debug;
		};
		C80B5B8D23EC434E0004F726 /* Release configuration for PBXProject "WorldJourney" */ = {
			isa = XCBuildConfiguration;
			buildSettings = {
				ALWAYS_SEARCH_USER_PATHS = NO;
				ASSETCATALOG_COMPILER_GENERATE_SWIFT_ASSET_SYMBOL_EXTENSIONS = YES;
				CLANG_ANALYZER_NONNULL = YES;
				CLANG_ANALYZER_NUMBER_OBJECT_CONVERSION = YES_AGGRESSIVE;
				CLANG_CXX_LANGUAGE_STANDARD = "gnu++14";
				CLANG_CXX_LIBRARY = "libc++";
				CLANG_ENABLE_MODULES = YES;
				CLANG_ENABLE_OBJC_ARC = YES;
				CLANG_ENABLE_OBJC_WEAK = YES;
				CLANG_WARN_BLOCK_CAPTURE_AUTORELEASING = YES;
				CLANG_WARN_BOOL_CONVERSION = YES;
				CLANG_WARN_COMMA = YES;
				CLANG_WARN_CONSTANT_CONVERSION = YES;
				CLANG_WARN_DEPRECATED_OBJC_IMPLEMENTATIONS = YES;
				CLANG_WARN_DIRECT_OBJC_ISA_USAGE = YES_ERROR;
				CLANG_WARN_DOCUMENTATION_COMMENTS = YES;
				CLANG_WARN_EMPTY_BODY = YES;
				CLANG_WARN_ENUM_CONVERSION = YES;
				CLANG_WARN_INFINITE_RECURSION = YES;
				CLANG_WARN_INT_CONVERSION = YES;
				CLANG_WARN_NON_LITERAL_NULL_CONVERSION = YES;
				CLANG_WARN_OBJC_IMPLICIT_RETAIN_SELF = YES;
				CLANG_WARN_OBJC_LITERAL_CONVERSION = YES;
				CLANG_WARN_OBJC_ROOT_CLASS = YES_ERROR;
				CLANG_WARN_QUOTED_INCLUDE_IN_FRAMEWORK_HEADER = YES;
				CLANG_WARN_RANGE_LOOP_ANALYSIS = YES;
				CLANG_WARN_STRICT_PROTOTYPES = YES;
				CLANG_WARN_SUSPICIOUS_MOVE = YES;
				CLANG_WARN_UNGUARDED_AVAILABILITY = YES_AGGRESSIVE;
				CLANG_WARN_UNREACHABLE_CODE = YES;
				CLANG_WARN__DUPLICATE_METHOD_MATCH = YES;
				COPY_PHASE_STRIP = NO;
				DEAD_CODE_STRIPPING = YES;
				DEBUG_INFORMATION_FORMAT = "dwarf-with-dsym";
				DEVELOPMENT_TEAM = PR3PVSMTJ6;
				ENABLE_NS_ASSERTIONS = NO;
				ENABLE_STRICT_OBJC_MSGSEND = YES;
				ENABLE_USER_SCRIPT_SANDBOXING = YES;
				GCC_C_LANGUAGE_STANDARD = gnu11;
				GCC_NO_COMMON_BLOCKS = YES;
				GCC_WARN_64_TO_32_BIT_CONVERSION = YES;
				GCC_WARN_ABOUT_RETURN_TYPE = YES_ERROR;
				GCC_WARN_UNDECLARED_SELECTOR = YES;
				GCC_WARN_UNINITIALIZED_AUTOS = YES_AGGRESSIVE;
				GCC_WARN_UNUSED_FUNCTION = YES;
				GCC_WARN_UNUSED_VARIABLE = YES;
				MACOSX_DEPLOYMENT_TARGET = 10.15;
				MTL_ENABLE_DEBUG_INFO = NO;
				MTL_FAST_MATH = YES;
				SDKROOT = macosx;
				STRING_CATALOG_GENERATE_SYMBOLS = YES;
				SWIFT_COMPILATION_MODE = wholemodule;
				SWIFT_OPTIMIZATION_LEVEL = "-O";
			};
			name = Release;
		};
		C80B5B8F23EC434E0004F726 /* Debug configuration for PBXNativeTarget "PersistentGrid" */ = {
			isa = XCBuildConfiguration;
			buildSettings = {
				ASSETCATALOG_COMPILER_APPICON_NAME = AppIcon;
				CODE_SIGN_ENTITLEMENTS = PersistentGrid/Utility/WorldJourney.entitlements;
				CODE_SIGN_IDENTITY = "-";
				"CODE_SIGN_IDENTITY[sdk=macosx*]" = "Apple Development";
				CODE_SIGN_STYLE = Automatic;
				COMBINE_HIDPI_IMAGES = YES;
				DEAD_CODE_STRIPPING = YES;
				ENABLE_APP_SANDBOX = YES;
				ENABLE_HARDENED_RUNTIME = YES;
				ENABLE_PREVIEWS = YES;
				ENABLE_USER_SELECTED_FILES = readonly;
				INFOPLIST_FILE = PersistentGrid/Utility/Info.plist;
				LD_RUNPATH_SEARCH_PATHS = (
					"$(inherited)",
					"@executable_path/../Frameworks",
				);
				MACOSX_DEPLOYMENT_TARGET = 11.1;
				OTHER_CPLUSPLUSFLAGS = (
					"$(OTHER_CFLAGS)",
					"–ffast-math",
				);
				PRODUCT_BUNDLE_IDENTIFIER = io.cutting.worldjourney.persistentgrid;
				PRODUCT_NAME = "$(TARGET_NAME)";
				RUNTIME_EXCEPTION_DISABLE_LIBRARY_VALIDATION = YES;
				SWIFT_OBJC_BRIDGING_HEADER = PersistentGrid/Common.h;
				SWIFT_VERSION = 5.0;
			};
			name = Debug;
		};
		C80B5B9023EC434E0004F726 /* Release configuration for PBXNativeTarget "PersistentGrid" */ = {
			isa = XCBuildConfiguration;
			buildSettings = {
				ASSETCATALOG_COMPILER_APPICON_NAME = AppIcon;
				CODE_SIGN_ENTITLEMENTS = PersistentGrid/Utility/WorldJourney.entitlements;
				CODE_SIGN_IDENTITY = "-";
				"CODE_SIGN_IDENTITY[sdk=macosx*]" = "Apple Development";
				CODE_SIGN_STYLE = Automatic;
				COMBINE_HIDPI_IMAGES = YES;
				DEAD_CODE_STRIPPING = YES;
				ENABLE_APP_SANDBOX = YES;
				ENABLE_HARDENED_RUNTIME = YES;
				ENABLE_PREVIEWS = YES;
				ENABLE_USER_SELECTED_FILES = readonly;
				INFOPLIST_FILE = PersistentGrid/Utility/Info.plist;
				LD_RUNPATH_SEARCH_PATHS = (
					"$(inherited)",
					"@executable_path/../Frameworks",
				);
				MACOSX_DEPLOYMENT_TARGET = 11.1;
				OTHER_CPLUSPLUSFLAGS = (
					"$(OTHER_CFLAGS)",
					"–ffast-math",
				);
				PRODUCT_BUNDLE_IDENTIFIER = io.cutting.worldjourney.persistentgrid;
				PRODUCT_NAME = "$(TARGET_NAME)";
				RUNTIME_EXCEPTION_DISABLE_LIBRARY_VALIDATION = YES;
				SWIFT_OBJC_BRIDGING_HEADER = PersistentGrid/Common.h;
				SWIFT_VERSION = 5.0;
			};
			name = Release;
		};
		C8A3A79029533531005D37CE /* Debug configuration for PBXNativeTarget "Terrainium" */ = {
			isa = XCBuildConfiguration;
			buildSettings = {
				ASSETCATALOG_COMPILER_APPICON_NAME = AppIcon;
				ASSETCATALOG_COMPILER_GLOBAL_ACCENT_COLOR_NAME = AccentColor;
				CLANG_CXX_LANGUAGE_STANDARD = "gnu++20";
				CODE_SIGN_ENTITLEMENTS = Terrainium/Terrainium.entitlements;
				CODE_SIGN_IDENTITY = "-";
				CODE_SIGN_STYLE = Automatic;
				COMBINE_HIDPI_IMAGES = YES;
				CURRENT_PROJECT_VERSION = 1;
				DEAD_CODE_STRIPPING = YES;
				ENABLE_APP_SANDBOX = YES;
				ENABLE_HARDENED_RUNTIME = YES;
				ENABLE_USER_SELECTED_FILES = readonly;
				GENERATE_INFOPLIST_FILE = YES;
				INFOPLIST_KEY_NSHumanReadableCopyright = "Copyright © 2022 cutting.io. All rights reserved.";
				INFOPLIST_KEY_NSMainStoryboardFile = Main;
				INFOPLIST_KEY_NSPrincipalClass = NSApplication;
				LD_RUNPATH_SEARCH_PATHS = (
					"$(inherited)",
					"@executable_path/../Frameworks",
				);
				MACOSX_DEPLOYMENT_TARGET = 12.6;
				MARKETING_VERSION = 1.0;
				PRODUCT_BUNDLE_IDENTIFIER = io.cutting.Terrainium;
				PRODUCT_NAME = "$(TARGET_NAME)";
				SWIFT_EMIT_LOC_STRINGS = YES;
				SWIFT_OBJC_BRIDGING_HEADER = "$(TARGET_NAME)/Common.h";
				SWIFT_VERSION = 5.0;
			};
			name = Debug;
		};
		C8A3A79129533531005D37CE /* Release configuration for PBXNativeTarget "Terrainium" */ = {
			isa = XCBuildConfiguration;
			buildSettings = {
				ASSETCATALOG_COMPILER_APPICON_NAME = AppIcon;
				ASSETCATALOG_COMPILER_GLOBAL_ACCENT_COLOR_NAME = AccentColor;
				CLANG_CXX_LANGUAGE_STANDARD = "gnu++20";
				CODE_SIGN_ENTITLEMENTS = Terrainium/Terrainium.entitlements;
				CODE_SIGN_IDENTITY = "-";
				CODE_SIGN_STYLE = Automatic;
				COMBINE_HIDPI_IMAGES = YES;
				CURRENT_PROJECT_VERSION = 1;
				DEAD_CODE_STRIPPING = YES;
				ENABLE_APP_SANDBOX = YES;
				ENABLE_HARDENED_RUNTIME = YES;
				ENABLE_USER_SELECTED_FILES = readonly;
				GENERATE_INFOPLIST_FILE = YES;
				INFOPLIST_KEY_NSHumanReadableCopyright = "Copyright © 2022 cutting.io. All rights reserved.";
				INFOPLIST_KEY_NSMainStoryboardFile = Main;
				INFOPLIST_KEY_NSPrincipalClass = NSApplication;
				LD_RUNPATH_SEARCH_PATHS = (
					"$(inherited)",
					"@executable_path/../Frameworks",
				);
				MACOSX_DEPLOYMENT_TARGET = 12.6;
				MARKETING_VERSION = 1.0;
				PRODUCT_BUNDLE_IDENTIFIER = io.cutting.Terrainium;
				PRODUCT_NAME = "$(TARGET_NAME)";
				SWIFT_EMIT_LOC_STRINGS = YES;
				SWIFT_OBJC_BRIDGING_HEADER = "$(TARGET_NAME)/Common.h";
				SWIFT_VERSION = 5.0;
			};
			name = Release;
		};
		C8E8CF342B4A880B00D23AA0 /* Debug configuration for PBXNativeTarget "CubeSphere iOS" */ = {
			isa = XCBuildConfiguration;
			buildSettings = {
				ASSETCATALOG_COMPILER_APPICON_NAME = AppIcon;
				ASSETCATALOG_COMPILER_GLOBAL_ACCENT_COLOR_NAME = AccentColor;
				CLANG_CXX_LANGUAGE_STANDARD = "gnu++20";
				CODE_SIGN_STYLE = Automatic;
				CURRENT_PROJECT_VERSION = 1;
				GCC_C_LANGUAGE_STANDARD = gnu17;
				GENERATE_INFOPLIST_FILE = YES;
				INFOPLIST_KEY_UIApplicationSupportsIndirectInputEvents = YES;
				INFOPLIST_KEY_UILaunchStoryboardName = LaunchScreen;
				INFOPLIST_KEY_UIMainStoryboardFile = Main;
				INFOPLIST_KEY_UIStatusBarHidden = YES;
				INFOPLIST_KEY_UISupportedInterfaceOrientations_iPad = "UIInterfaceOrientationPortrait UIInterfaceOrientationPortraitUpsideDown UIInterfaceOrientationLandscapeLeft UIInterfaceOrientationLandscapeRight";
				INFOPLIST_KEY_UISupportedInterfaceOrientations_iPhone = "UIInterfaceOrientationPortrait UIInterfaceOrientationLandscapeLeft UIInterfaceOrientationLandscapeRight";
				IPHONEOS_DEPLOYMENT_TARGET = 17.2;
				LD_RUNPATH_SEARCH_PATHS = (
					"$(inherited)",
					"@executable_path/Frameworks",
				);
				LOCALIZATION_PREFERS_STRING_CATALOGS = YES;
				MACOSX_DEPLOYMENT_TARGET = 11.0;
				MARKETING_VERSION = 1.0;
				PRODUCT_BUNDLE_IDENTIFIER = io.cutting.WorldJourney.CubeSphere;
				PRODUCT_NAME = CubeSphere;
				SDKROOT = iphoneos;
				SWIFT_ACTIVE_COMPILATION_CONDITIONS = "DEBUG $(inherited)";
				SWIFT_EMIT_LOC_STRINGS = YES;
				SWIFT_OBJC_BRIDGING_HEADER = "CubeSphere Shared/ShaderTypes.h";
				SWIFT_VERSION = 5.0;
				TARGETED_DEVICE_FAMILY = "1,2";
			};
			name = Debug;
		};
		C8E8CF352B4A880B00D23AA0 /* Release configuration for PBXNativeTarget "CubeSphere iOS" */ = {
			isa = XCBuildConfiguration;
			buildSettings = {
				ASSETCATALOG_COMPILER_APPICON_NAME = AppIcon;
				ASSETCATALOG_COMPILER_GLOBAL_ACCENT_COLOR_NAME = AccentColor;
				CLANG_CXX_LANGUAGE_STANDARD = "gnu++20";
				CODE_SIGN_STYLE = Automatic;
				CURRENT_PROJECT_VERSION = 1;
				GCC_C_LANGUAGE_STANDARD = gnu17;
				GENERATE_INFOPLIST_FILE = YES;
				INFOPLIST_KEY_UIApplicationSupportsIndirectInputEvents = YES;
				INFOPLIST_KEY_UILaunchStoryboardName = LaunchScreen;
				INFOPLIST_KEY_UIMainStoryboardFile = Main;
				INFOPLIST_KEY_UIStatusBarHidden = YES;
				INFOPLIST_KEY_UISupportedInterfaceOrientations_iPad = "UIInterfaceOrientationPortrait UIInterfaceOrientationPortraitUpsideDown UIInterfaceOrientationLandscapeLeft UIInterfaceOrientationLandscapeRight";
				INFOPLIST_KEY_UISupportedInterfaceOrientations_iPhone = "UIInterfaceOrientationPortrait UIInterfaceOrientationLandscapeLeft UIInterfaceOrientationLandscapeRight";
				IPHONEOS_DEPLOYMENT_TARGET = 17.2;
				LD_RUNPATH_SEARCH_PATHS = (
					"$(inherited)",
					"@executable_path/Frameworks",
				);
				LOCALIZATION_PREFERS_STRING_CATALOGS = YES;
				MACOSX_DEPLOYMENT_TARGET = 11.0;
				MARKETING_VERSION = 1.0;
				PRODUCT_BUNDLE_IDENTIFIER = io.cutting.WorldJourney.CubeSphere;
				PRODUCT_NAME = CubeSphere;
				SDKROOT = iphoneos;
				SWIFT_EMIT_LOC_STRINGS = YES;
				SWIFT_OBJC_BRIDGING_HEADER = "CubeSphere Shared/ShaderTypes.h";
				SWIFT_VERSION = 5.0;
				TARGETED_DEVICE_FAMILY = "1,2";
				VALIDATE_PRODUCT = YES;
			};
			name = Release;
		};
		C8E8CF372B4A880B00D23AA0 /* Debug configuration for PBXNativeTarget "CubeSphere tvOS" */ = {
			isa = XCBuildConfiguration;
			buildSettings = {
				ASSETCATALOG_COMPILER_APPICON_NAME = "tvOS App Icon & Top Shelf Image";
				ASSETCATALOG_COMPILER_GLOBAL_ACCENT_COLOR_NAME = AccentColor;
				CLANG_CXX_LANGUAGE_STANDARD = "gnu++20";
				CODE_SIGN_STYLE = Automatic;
				CURRENT_PROJECT_VERSION = 1;
				GCC_C_LANGUAGE_STANDARD = gnu17;
				GENERATE_INFOPLIST_FILE = YES;
				INFOPLIST_KEY_UILaunchStoryboardName = LaunchScreen;
				INFOPLIST_KEY_UIMainStoryboardFile = Main;
				INFOPLIST_KEY_UIUserInterfaceStyle = Automatic;
				LD_RUNPATH_SEARCH_PATHS = (
					"$(inherited)",
					"@executable_path/Frameworks",
				);
				LOCALIZATION_PREFERS_STRING_CATALOGS = YES;
				MACOSX_DEPLOYMENT_TARGET = 11.0;
				MARKETING_VERSION = 1.0;
				PRODUCT_BUNDLE_IDENTIFIER = io.cutting.WorldJourney.CubeSphere;
				PRODUCT_NAME = CubeSphere;
				SDKROOT = appletvos;
				SWIFT_ACTIVE_COMPILATION_CONDITIONS = "DEBUG $(inherited)";
				SWIFT_EMIT_LOC_STRINGS = YES;
				SWIFT_OBJC_BRIDGING_HEADER = "CubeSphere Shared/ShaderTypes.h";
				SWIFT_VERSION = 5.0;
				TARGETED_DEVICE_FAMILY = 3;
				TVOS_DEPLOYMENT_TARGET = 17.2;
			};
			name = Debug;
		};
		C8E8CF382B4A880B00D23AA0 /* Release configuration for PBXNativeTarget "CubeSphere tvOS" */ = {
			isa = XCBuildConfiguration;
			buildSettings = {
				ASSETCATALOG_COMPILER_APPICON_NAME = "tvOS App Icon & Top Shelf Image";
				ASSETCATALOG_COMPILER_GLOBAL_ACCENT_COLOR_NAME = AccentColor;
				CLANG_CXX_LANGUAGE_STANDARD = "gnu++20";
				CODE_SIGN_STYLE = Automatic;
				CURRENT_PROJECT_VERSION = 1;
				GCC_C_LANGUAGE_STANDARD = gnu17;
				GENERATE_INFOPLIST_FILE = YES;
				INFOPLIST_KEY_UILaunchStoryboardName = LaunchScreen;
				INFOPLIST_KEY_UIMainStoryboardFile = Main;
				INFOPLIST_KEY_UIUserInterfaceStyle = Automatic;
				LD_RUNPATH_SEARCH_PATHS = (
					"$(inherited)",
					"@executable_path/Frameworks",
				);
				LOCALIZATION_PREFERS_STRING_CATALOGS = YES;
				MACOSX_DEPLOYMENT_TARGET = 11.0;
				MARKETING_VERSION = 1.0;
				PRODUCT_BUNDLE_IDENTIFIER = io.cutting.WorldJourney.CubeSphere;
				PRODUCT_NAME = CubeSphere;
				SDKROOT = appletvos;
				SWIFT_EMIT_LOC_STRINGS = YES;
				SWIFT_OBJC_BRIDGING_HEADER = "CubeSphere Shared/ShaderTypes.h";
				SWIFT_VERSION = 5.0;
				TARGETED_DEVICE_FAMILY = 3;
				TVOS_DEPLOYMENT_TARGET = 17.2;
				VALIDATE_PRODUCT = YES;
			};
			name = Release;
		};
		C8E8CF3A2B4A880B00D23AA0 /* Debug configuration for PBXNativeTarget "CubeSphere macOS" */ = {
			isa = XCBuildConfiguration;
			buildSettings = {
				ASSETCATALOG_COMPILER_APPICON_NAME = AppIcon;
				ASSETCATALOG_COMPILER_GLOBAL_ACCENT_COLOR_NAME = AccentColor;
				CLANG_CXX_LANGUAGE_STANDARD = "gnu++20";
				CODE_SIGN_ENTITLEMENTS = "CubeSphere macOS/CubeSphere_macOS.entitlements";
				CODE_SIGN_STYLE = Automatic;
				COMBINE_HIDPI_IMAGES = YES;
				CURRENT_PROJECT_VERSION = 1;
				ENABLE_APP_SANDBOX = YES;
				ENABLE_HARDENED_RUNTIME = YES;
				ENABLE_USER_SELECTED_FILES = readonly;
				GCC_C_LANGUAGE_STANDARD = gnu17;
				GENERATE_INFOPLIST_FILE = YES;
				INFOPLIST_KEY_NSHumanReadableCopyright = "Copyright © 2024 cutting.io. All rights reserved.";
				INFOPLIST_KEY_NSMainStoryboardFile = Main;
				INFOPLIST_KEY_NSPrincipalClass = NSApplication;
				LD_RUNPATH_SEARCH_PATHS = (
					"$(inherited)",
					"@executable_path/../Frameworks",
				);
				LOCALIZATION_PREFERS_STRING_CATALOGS = YES;
				MACOSX_DEPLOYMENT_TARGET = 14.2;
				MARKETING_VERSION = 1.0;
				PRODUCT_BUNDLE_IDENTIFIER = io.cutting.WorldJourney.CubeSphere;
				PRODUCT_NAME = CubeSphere;
				SDKROOT = macosx;
				SWIFT_ACTIVE_COMPILATION_CONDITIONS = "DEBUG $(inherited)";
				SWIFT_EMIT_LOC_STRINGS = YES;
				SWIFT_OBJC_BRIDGING_HEADER = "CubeSphere Shared/ShaderTypes.h";
				SWIFT_VERSION = 5.0;
			};
			name = Debug;
		};
		C8E8CF3B2B4A880B00D23AA0 /* Release configuration for PBXNativeTarget "CubeSphere macOS" */ = {
			isa = XCBuildConfiguration;
			buildSettings = {
				ASSETCATALOG_COMPILER_APPICON_NAME = AppIcon;
				ASSETCATALOG_COMPILER_GLOBAL_ACCENT_COLOR_NAME = AccentColor;
				CLANG_CXX_LANGUAGE_STANDARD = "gnu++20";
				CODE_SIGN_ENTITLEMENTS = "CubeSphere macOS/CubeSphere_macOS.entitlements";
				CODE_SIGN_STYLE = Automatic;
				COMBINE_HIDPI_IMAGES = YES;
				CURRENT_PROJECT_VERSION = 1;
				ENABLE_APP_SANDBOX = YES;
				ENABLE_HARDENED_RUNTIME = YES;
				ENABLE_USER_SELECTED_FILES = readonly;
				GCC_C_LANGUAGE_STANDARD = gnu17;
				GENERATE_INFOPLIST_FILE = YES;
				INFOPLIST_KEY_NSHumanReadableCopyright = "Copyright © 2024 cutting.io. All rights reserved.";
				INFOPLIST_KEY_NSMainStoryboardFile = Main;
				INFOPLIST_KEY_NSPrincipalClass = NSApplication;
				LD_RUNPATH_SEARCH_PATHS = (
					"$(inherited)",
					"@executable_path/../Frameworks",
				);
				LOCALIZATION_PREFERS_STRING_CATALOGS = YES;
				MACOSX_DEPLOYMENT_TARGET = 14.2;
				MARKETING_VERSION = 1.0;
				PRODUCT_BUNDLE_IDENTIFIER = io.cutting.WorldJourney.CubeSphere;
				PRODUCT_NAME = CubeSphere;
				SDKROOT = macosx;
				SWIFT_EMIT_LOC_STRINGS = YES;
				SWIFT_OBJC_BRIDGING_HEADER = "CubeSphere Shared/ShaderTypes.h";
				SWIFT_VERSION = 5.0;
			};
			name = Release;
		};
/* End XCBuildConfiguration section */

/* Begin XCConfigurationList section */
		C80B5B7623EC434D0004F726 /* Build configuration list for PBXProject "WorldJourney" */ = {
			isa = XCConfigurationList;
			buildConfigurations = (
				C80B5B8C23EC434E0004F726 /* Debug configuration for PBXProject "WorldJourney" */,
				C80B5B8D23EC434E0004F726 /* Release configuration for PBXProject "WorldJourney" */,
			);
			defaultConfigurationName = Release;
		};
		C80B5B8E23EC434E0004F726 /* Build configuration list for PBXNativeTarget "PersistentGrid" */ = {
			isa = XCConfigurationList;
			buildConfigurations = (
				C80B5B8F23EC434E0004F726 /* Debug configuration for PBXNativeTarget "PersistentGrid" */,
				C80B5B9023EC434E0004F726 /* Release configuration for PBXNativeTarget "PersistentGrid" */,
			);
			defaultConfigurationName = Release;
		};
		C8A3A79229533531005D37CE /* Build configuration list for PBXNativeTarget "Terrainium" */ = {
			isa = XCConfigurationList;
			buildConfigurations = (
				C8A3A79029533531005D37CE /* Debug configuration for PBXNativeTarget "Terrainium" */,
				C8A3A79129533531005D37CE /* Release configuration for PBXNativeTarget "Terrainium" */,
			);
			defaultConfigurationName = Release;
		};
		C8E8CF332B4A880B00D23AA0 /* Build configuration list for PBXNativeTarget "CubeSphere iOS" */ = {
			isa = XCConfigurationList;
			buildConfigurations = (
				C8E8CF342B4A880B00D23AA0 /* Debug configuration for PBXNativeTarget "CubeSphere iOS" */,
				C8E8CF352B4A880B00D23AA0 /* Release configuration for PBXNativeTarget "CubeSphere iOS" */,
			);
			defaultConfigurationName = Release;
		};
		C8E8CF362B4A880B00D23AA0 /* Build configuration list for PBXNativeTarget "CubeSphere tvOS" */ = {
			isa = XCConfigurationList;
			buildConfigurations = (
				C8E8CF372B4A880B00D23AA0 /* Debug configuration for PBXNativeTarget "CubeSphere tvOS" */,
				C8E8CF382B4A880B00D23AA0 /* Release configuration for PBXNativeTarget "CubeSphere tvOS" */,
			);
			defaultConfigurationName = Release;
		};
		C8E8CF392B4A880B00D23AA0 /* Build configuration list for PBXNativeTarget "CubeSphere macOS" */ = {
			isa = XCConfigurationList;
			buildConfigurations = (
				C8E8CF3A2B4A880B00D23AA0 /* Debug configuration for PBXNativeTarget "CubeSphere macOS" */,
				C8E8CF3B2B4A880B00D23AA0 /* Release configuration for PBXNativeTarget "CubeSphere macOS" */,
			);
			defaultConfigurationName = Release;
		};
/* End XCConfigurationList section */

/* Begin XCLocalSwiftPackageReference section */
		C81EE6AC2E0CC5AF00802F8B /* XCLocalSwiftPackageReference "../PhyKit" */ = {
			isa = XCLocalSwiftPackageReference;
			relativePath = ../PhyKit;
		};
/* End XCLocalSwiftPackageReference section */

/* Begin XCSwiftPackageProductDependency section */
		C81EE6AD2E0CC5AF00802F8B /* PhyKit */ = {
			isa = XCSwiftPackageProductDependency;
			productName = PhyKit;
		};
		C81EE6B02E0CC5EB00802F8B /* PhyKit */ = {
			isa = XCSwiftPackageProductDependency;
			package = C81EE6AC2E0CC5AF00802F8B /* XCLocalSwiftPackageReference "../PhyKit" */;
			productName = PhyKit;
		};
		C81EE6B22E0CC5FE00802F8B /* PhyKit */ = {
			isa = XCSwiftPackageProductDependency;
			package = C81EE6AC2E0CC5AF00802F8B /* XCLocalSwiftPackageReference "../PhyKit" */;
			productName = PhyKit;
		};
		C81EE6B42E0CC62700802F8B /* PhyKit */ = {
			isa = XCSwiftPackageProductDependency;
			package = C81EE6AC2E0CC5AF00802F8B /* XCLocalSwiftPackageReference "../PhyKit" */;
			productName = PhyKit;
		};
		C8AFE7FD2E02C3E200CC7E45 /* PhyKit */ = {
			isa = XCSwiftPackageProductDependency;
			productName = PhyKit;
		};
/* End XCSwiftPackageProductDependency section */
	};
	rootObject = C80B5B7323EC434D0004F726 /* Project object */;
}
