// !$*UTF8*$!
{
	archiveVersion = 1;
	classes = {
	};
	objectVersion = 50;
	objects = {

/* Begin PBXBuildFile section */
		C80B5B7F23EC434D0004F726 /* AppDelegate.swift in Sources */ = {isa = PBXBuildFile; fileRef = C80B5B7E23EC434D0004F726 /* AppDelegate.swift */; };
		C80B5B8323EC434E0004F726 /* Assets.xcassets in Resources */ = {isa = PBXBuildFile; fileRef = C80B5B8223EC434E0004F726 /* Assets.xcassets */; };
		C80B5B8923EC434E0004F726 /* Main.storyboard in Resources */ = {isa = PBXBuildFile; fileRef = C80B5B8723EC434E0004F726 /* Main.storyboard */; };
		C80B5B9223EC43AC0004F726 /* ViewController.swift in Sources */ = {isa = PBXBuildFile; fileRef = C80B5B9123EC43AC0004F726 /* ViewController.swift */; };
		C827FE0323EDA38A00F75DAE /* Renderer.swift in Sources */ = {isa = PBXBuildFile; fileRef = C827FE0223EDA38A00F75DAE /* Renderer.swift */; };
		C827FE0523EDB54300F75DAE /* Maths.swift in Sources */ = {isa = PBXBuildFile; fileRef = C827FE0423EDB54300F75DAE /* Maths.swift */; };
		C831187D249C3DF0003FF7F8 /* Terrain.metal in Sources */ = {isa = PBXBuildFile; fileRef = C831187C249C3DF0003FF7F8 /* Terrain.metal */; };
		C839FB8424A00EAB00779F2C /* KeyCodes.swift in Sources */ = {isa = PBXBuildFile; fileRef = C839FB7F24A00EAB00779F2C /* KeyCodes.swift */; };
		C839FB8524A00EAB00779F2C /* Mouse.swift in Sources */ = {isa = PBXBuildFile; fileRef = C839FB8024A00EAB00779F2C /* Mouse.swift */; };
		C839FB8624A00EAB00779F2C /* README.md in Resources */ = {isa = PBXBuildFile; fileRef = C839FB8124A00EAB00779F2C /* README.md */; };
		C839FB8724A00EAB00779F2C /* ViewInputExtension.swift in Sources */ = {isa = PBXBuildFile; fileRef = C839FB8224A00EAB00779F2C /* ViewInputExtension.swift */; };
		C839FB8824A00EAB00779F2C /* Keyboard.swift in Sources */ = {isa = PBXBuildFile; fileRef = C839FB8324A00EAB00779F2C /* Keyboard.swift */; };
		C839FB8A24A00EAF00779F2C /* Motion.swift in Sources */ = {isa = PBXBuildFile; fileRef = C839FB8924A00EAF00779F2C /* Motion.swift */; };
		C83EFD1C25991BF200A98367 /* Utility.swift in Sources */ = {isa = PBXBuildFile; fileRef = C83EFD1B25991BF200A98367 /* Utility.swift */; };
		C859B94924ABD98900AEA7E3 /* ValueNoise2D.metal in Sources */ = {isa = PBXBuildFile; fileRef = C859B94824ABD98900AEA7E3 /* ValueNoise2D.metal */; };
		C86ECF792558B3C000A74E47 /* teapot.obj in Resources */ = {isa = PBXBuildFile; fileRef = C86ECF772558B3C000A74E47 /* teapot.obj */; };
		C86ECF7A2558B3C000A74E47 /* teapot.mtl in Resources */ = {isa = PBXBuildFile; fileRef = C86ECF782558B3C000A74E47 /* teapot.mtl */; };
		C8718E8E2537BC14000B9C22 /* Tessellator.swift in Sources */ = {isa = PBXBuildFile; fileRef = C8718E8D2537BC14000B9C22 /* Tessellator.swift */; };
		C87B0FB12518134800CB0B15 /* SimplexNoise3D.metal in Sources */ = {isa = PBXBuildFile; fileRef = C87B0FB02518134800CB0B15 /* SimplexNoise3D.metal */; };
		C88251D1251BB36400BFB6D7 /* Compositor.metal in Sources */ = {isa = PBXBuildFile; fileRef = C88251D0251BB36400BFB6D7 /* Compositor.metal */; };
		C88251D5251BB3EF00BFB6D7 /* GBuffer.metal in Sources */ = {isa = PBXBuildFile; fileRef = C88251D4251BB3EF00BFB6D7 /* GBuffer.metal */; };
		C88251D8251BB42100BFB6D7 /* Tessellator.metal in Sources */ = {isa = PBXBuildFile; fileRef = C88251D7251BB42100BFB6D7 /* Tessellator.metal */; };
		C88251DC251BB47F00BFB6D7 /* Height.metal in Sources */ = {isa = PBXBuildFile; fileRef = C88251DB251BB47F00BFB6D7 /* Height.metal */; };
		C88C1BE324B504CE00B8D7D0 /* TextureNoise.metal in Sources */ = {isa = PBXBuildFile; fileRef = C88C1BE224B504CE00B8D7D0 /* TextureNoise.metal */; };
		C894170B2582DB0200DAB2F9 /* Skybox.metal in Sources */ = {isa = PBXBuildFile; fileRef = C894170A2582DB0200DAB2F9 /* Skybox.metal */; };
		C894170E2582DB3C00DAB2F9 /* Skybox.swift in Sources */ = {isa = PBXBuildFile; fileRef = C894170D2582DB3C00DAB2F9 /* Skybox.swift */; };
		C8B97DC92538D9FA00A51142 /* Compositor.swift in Sources */ = {isa = PBXBuildFile; fileRef = C8B97DC82538D9FA00A51142 /* Compositor.swift */; };
		C8B97DCD2538EF6200A51142 /* GBuffer.swift in Sources */ = {isa = PBXBuildFile; fileRef = C8B97DCC2538EF6200A51142 /* GBuffer.swift */; };
		C8B97DD12538F39600A51142 /* Environs.swift in Sources */ = {isa = PBXBuildFile; fileRef = C8B97DD02538F39600A51142 /* Environs.swift */; };
		C8B97DD52538FE2B00A51142 /* Planets.swift in Sources */ = {isa = PBXBuildFile; fileRef = C8B97DD42538FE2B00A51142 /* Planets.swift */; };
		C8BB5B24255A9145008E6F7B /* toy_biplane.usdz in Resources */ = {isa = PBXBuildFile; fileRef = C8BB5B23255A9145008E6F7B /* toy_biplane.usdz */; };
		C8ECABA52553655D00F73F9A /* Objects.metal in Sources */ = {isa = PBXBuildFile; fileRef = C8ECABA42553655D00F73F9A /* Objects.metal */; };
/* End PBXBuildFile section */

/* Begin PBXFileReference section */
		C80B5B7B23EC434D0004F726 /* WorldJourney.app */ = {isa = PBXFileReference; explicitFileType = wrapper.application; includeInIndex = 0; path = WorldJourney.app; sourceTree = BUILT_PRODUCTS_DIR; };
		C80B5B7E23EC434D0004F726 /* AppDelegate.swift */ = {isa = PBXFileReference; lastKnownFileType = sourcecode.swift; path = AppDelegate.swift; sourceTree = "<group>"; };
		C80B5B8223EC434E0004F726 /* Assets.xcassets */ = {isa = PBXFileReference; lastKnownFileType = folder.assetcatalog; path = Assets.xcassets; sourceTree = "<group>"; };
		C80B5B8823EC434E0004F726 /* Base */ = {isa = PBXFileReference; lastKnownFileType = file.storyboard; name = Base; path = Base.lproj/Main.storyboard; sourceTree = "<group>"; };
		C80B5B8A23EC434E0004F726 /* Info.plist */ = {isa = PBXFileReference; lastKnownFileType = text.plist.xml; path = Info.plist; sourceTree = "<group>"; };
		C80B5B8B23EC434E0004F726 /* WorldJourney.entitlements */ = {isa = PBXFileReference; lastKnownFileType = text.plist.entitlements; path = WorldJourney.entitlements; sourceTree = "<group>"; };
		C80B5B9123EC43AC0004F726 /* ViewController.swift */ = {isa = PBXFileReference; lastKnownFileType = sourcecode.swift; path = ViewController.swift; sourceTree = "<group>"; };
		C80B5B9323EC4A790004F726 /* Michelic.metal */ = {isa = PBXFileReference; lastKnownFileType = sourcecode.metal; path = Michelic.metal; sourceTree = "<group>"; };
		C827FE0223EDA38A00F75DAE /* Renderer.swift */ = {isa = PBXFileReference; indentWidth = 2; lastKnownFileType = sourcecode.swift; path = Renderer.swift; sourceTree = "<group>"; tabWidth = 2; };
		C827FE0423EDB54300F75DAE /* Maths.swift */ = {isa = PBXFileReference; lastKnownFileType = sourcecode.swift; path = Maths.swift; sourceTree = "<group>"; };
		C831187B249C3A0F003FF7F8 /* Common.h */ = {isa = PBXFileReference; lastKnownFileType = sourcecode.c.h; path = Common.h; sourceTree = "<group>"; };
		C831187C249C3DF0003FF7F8 /* Terrain.metal */ = {isa = PBXFileReference; indentWidth = 2; lastKnownFileType = sourcecode.metal; path = Terrain.metal; sourceTree = "<group>"; tabWidth = 2; };
		C839FB7F24A00EAB00779F2C /* KeyCodes.swift */ = {isa = PBXFileReference; fileEncoding = 4; lastKnownFileType = sourcecode.swift; path = KeyCodes.swift; sourceTree = "<group>"; };
		C839FB8024A00EAB00779F2C /* Mouse.swift */ = {isa = PBXFileReference; fileEncoding = 4; lastKnownFileType = sourcecode.swift; path = Mouse.swift; sourceTree = "<group>"; };
		C839FB8124A00EAB00779F2C /* README.md */ = {isa = PBXFileReference; fileEncoding = 4; lastKnownFileType = net.daringfireball.markdown; path = README.md; sourceTree = "<group>"; };
		C839FB8224A00EAB00779F2C /* ViewInputExtension.swift */ = {isa = PBXFileReference; fileEncoding = 4; lastKnownFileType = sourcecode.swift; path = ViewInputExtension.swift; sourceTree = "<group>"; };
		C839FB8324A00EAB00779F2C /* Keyboard.swift */ = {isa = PBXFileReference; fileEncoding = 4; lastKnownFileType = sourcecode.swift; path = Keyboard.swift; sourceTree = "<group>"; };
		C839FB8924A00EAF00779F2C /* Motion.swift */ = {isa = PBXFileReference; fileEncoding = 4; indentWidth = 2; lastKnownFileType = sourcecode.swift; path = Motion.swift; sourceTree = "<group>"; tabWidth = 2; };
		C83EFD1B25991BF200A98367 /* Utility.swift */ = {isa = PBXFileReference; lastKnownFileType = sourcecode.swift; path = Utility.swift; sourceTree = "<group>"; };
		C84C2C0C24ABDA980026D714 /* ProceduralNoise.h */ = {isa = PBXFileReference; lastKnownFileType = sourcecode.c.h; path = ProceduralNoise.h; sourceTree = "<group>"; };
		C859B94824ABD98900AEA7E3 /* ValueNoise2D.metal */ = {isa = PBXFileReference; lastKnownFileType = sourcecode.metal; path = ValueNoise2D.metal; sourceTree = "<group>"; };
		C86ECF772558B3C000A74E47 /* teapot.obj */ = {isa = PBXFileReference; fileEncoding = 4; lastKnownFileType = text; path = teapot.obj; sourceTree = "<group>"; };
		C86ECF782558B3C000A74E47 /* teapot.mtl */ = {isa = PBXFileReference; fileEncoding = 4; lastKnownFileType = text; path = teapot.mtl; sourceTree = "<group>"; };
		C8718E8D2537BC14000B9C22 /* Tessellator.swift */ = {isa = PBXFileReference; lastKnownFileType = sourcecode.swift; path = Tessellator.swift; sourceTree = "<group>"; };
		C87B0FB02518134800CB0B15 /* SimplexNoise3D.metal */ = {isa = PBXFileReference; lastKnownFileType = sourcecode.metal; path = SimplexNoise3D.metal; sourceTree = "<group>"; };
		C88251CB251BADFB00BFB6D7 /* Leftovers.metal */ = {isa = PBXFileReference; lastKnownFileType = sourcecode.metal; path = Leftovers.metal; sourceTree = "<group>"; };
		C88251D0251BB36400BFB6D7 /* Compositor.metal */ = {isa = PBXFileReference; lastKnownFileType = sourcecode.metal; path = Compositor.metal; sourceTree = "<group>"; };
		C88251D4251BB3EF00BFB6D7 /* GBuffer.metal */ = {isa = PBXFileReference; lastKnownFileType = sourcecode.metal; path = GBuffer.metal; sourceTree = "<group>"; };
		C88251D7251BB42100BFB6D7 /* Tessellator.metal */ = {isa = PBXFileReference; lastKnownFileType = sourcecode.metal; path = Tessellator.metal; sourceTree = "<group>"; };
		C88251DB251BB47F00BFB6D7 /* Height.metal */ = {isa = PBXFileReference; indentWidth = 2; lastKnownFileType = sourcecode.metal; path = Height.metal; sourceTree = "<group>"; tabWidth = 2; };
		C88251E1251BB4BA00BFB6D7 /* Terrain.h */ = {isa = PBXFileReference; lastKnownFileType = sourcecode.c.h; path = Terrain.h; sourceTree = "<group>"; };
		C88C1BE224B504CE00B8D7D0 /* TextureNoise.metal */ = {isa = PBXFileReference; lastKnownFileType = sourcecode.metal; path = TextureNoise.metal; sourceTree = "<group>"; };
		C88C1BE524B52E9100B8D7D0 /* Atmosphere.metal */ = {isa = PBXFileReference; lastKnownFileType = sourcecode.metal; path = Atmosphere.metal; sourceTree = "<group>"; };
		C88C1BE824B61E9300B8D7D0 /* Atmosphere.h */ = {isa = PBXFileReference; lastKnownFileType = sourcecode.c.h; path = Atmosphere.h; sourceTree = "<group>"; };
		C894170A2582DB0200DAB2F9 /* Skybox.metal */ = {isa = PBXFileReference; lastKnownFileType = sourcecode.metal; path = Skybox.metal; sourceTree = "<group>"; };
		C894170D2582DB3C00DAB2F9 /* Skybox.swift */ = {isa = PBXFileReference; lastKnownFileType = sourcecode.swift; path = Skybox.swift; sourceTree = "<group>"; };
		C8B97DC82538D9FA00A51142 /* Compositor.swift */ = {isa = PBXFileReference; lastKnownFileType = sourcecode.swift; path = Compositor.swift; sourceTree = "<group>"; };
		C8B97DCC2538EF6200A51142 /* GBuffer.swift */ = {isa = PBXFileReference; lastKnownFileType = sourcecode.swift; path = GBuffer.swift; sourceTree = "<group>"; };
		C8B97DD02538F39600A51142 /* Environs.swift */ = {isa = PBXFileReference; lastKnownFileType = sourcecode.swift; path = Environs.swift; sourceTree = "<group>"; };
		C8B97DD42538FE2B00A51142 /* Planets.swift */ = {isa = PBXFileReference; lastKnownFileType = sourcecode.swift; path = Planets.swift; sourceTree = "<group>"; };
		C8BB5B23255A9145008E6F7B /* toy_biplane.usdz */ = {isa = PBXFileReference; lastKnownFileType = file.usdz; path = toy_biplane.usdz; sourceTree = "<group>"; };
		C8ECABA42553655D00F73F9A /* Objects.metal */ = {isa = PBXFileReference; lastKnownFileType = sourcecode.metal; path = Objects.metal; sourceTree = "<group>"; };
/* End PBXFileReference section */

/* Begin PBXFrameworksBuildPhase section */
		C80B5B7823EC434D0004F726 /* Frameworks */ = {
			isa = PBXFrameworksBuildPhase;
			buildActionMask = 2147483647;
			files = (
			);
			runOnlyForDeploymentPostprocessing = 0;
		};
/* End PBXFrameworksBuildPhase section */

/* Begin PBXGroup section */
		C80B5B7223EC434D0004F726 = {
			isa = PBXGroup;
			children = (
				C80B5B7D23EC434D0004F726 /* WorldJourney */,
				C80B5B7C23EC434D0004F726 /* Products */,
			);
			indentWidth = 2;
			sourceTree = "<group>";
			tabWidth = 2;
		};
		C80B5B7C23EC434D0004F726 /* Products */ = {
			isa = PBXGroup;
			children = (
				C80B5B7B23EC434D0004F726 /* WorldJourney.app */,
			);
			name = Products;
			sourceTree = "<group>";
		};
		C80B5B7D23EC434D0004F726 /* WorldJourney */ = {
			isa = PBXGroup;
			children = (
				C80B5B8223EC434E0004F726 /* Assets.xcassets */,
				C831187B249C3A0F003FF7F8 /* Common.h */,
				C827FE0223EDA38A00F75DAE /* Renderer.swift */,
				C8718E8D2537BC14000B9C22 /* Tessellator.swift */,
				C8B97DCC2538EF6200A51142 /* GBuffer.swift */,
				C8B97DC82538D9FA00A51142 /* Compositor.swift */,
				C894170D2582DB3C00DAB2F9 /* Skybox.swift */,
				C8B97DD02538F39600A51142 /* Environs.swift */,
				C8B97DD42538FE2B00A51142 /* Planets.swift */,
				C839FB8924A00EAF00779F2C /* Motion.swift */,
				C827FE0423EDB54300F75DAE /* Maths.swift */,
				C8CED85F251BA88F00F8F8F6 /* Shaders */,
				C8CED855251BA59600F8F8F6 /* Noise */,
				C839FB7E24A00EAB00779F2C /* Input */,
				C8CED854251BA54C00F8F8F6 /* Misc */,
				C8CED859251BA7E600F8F8F6 /* Utility */,
				C8ECABA225535EFC00F73F9A /* Objects */,
			);
			path = WorldJourney;
			sourceTree = "<group>";
		};
		C839FB7E24A00EAB00779F2C /* Input */ = {
			isa = PBXGroup;
			children = (
				C839FB7F24A00EAB00779F2C /* KeyCodes.swift */,
				C839FB8024A00EAB00779F2C /* Mouse.swift */,
				C839FB8124A00EAB00779F2C /* README.md */,
				C839FB8224A00EAB00779F2C /* ViewInputExtension.swift */,
				C839FB8324A00EAB00779F2C /* Keyboard.swift */,
			);
			path = Input;
			sourceTree = "<group>";
		};
		C8CED854251BA54C00F8F8F6 /* Misc */ = {
			isa = PBXGroup;
			children = (
				C80B5B9323EC4A790004F726 /* Michelic.metal */,
				C88C1BE824B61E9300B8D7D0 /* Atmosphere.h */,
				C88C1BE524B52E9100B8D7D0 /* Atmosphere.metal */,
				C88251CB251BADFB00BFB6D7 /* Leftovers.metal */,
			);
			path = Misc;
			sourceTree = "<group>";
		};
		C8CED855251BA59600F8F8F6 /* Noise */ = {
			isa = PBXGroup;
			children = (
				C84C2C0C24ABDA980026D714 /* ProceduralNoise.h */,
				C88C1BE224B504CE00B8D7D0 /* TextureNoise.metal */,
				C859B94824ABD98900AEA7E3 /* ValueNoise2D.metal */,
				C87B0FB02518134800CB0B15 /* SimplexNoise3D.metal */,
			);
			path = Noise;
			sourceTree = "<group>";
		};
		C8CED859251BA7E600F8F8F6 /* Utility */ = {
			isa = PBXGroup;
			children = (
				C80B5B7E23EC434D0004F726 /* AppDelegate.swift */,
				C80B5B9123EC43AC0004F726 /* ViewController.swift */,
				C80B5B8723EC434E0004F726 /* Main.storyboard */,
				C80B5B8A23EC434E0004F726 /* Info.plist */,
				C80B5B8B23EC434E0004F726 /* WorldJourney.entitlements */,
				C83EFD1B25991BF200A98367 /* Utility.swift */,
			);
			path = Utility;
			sourceTree = "<group>";
		};
		C8CED85F251BA88F00F8F8F6 /* Shaders */ = {
			isa = PBXGroup;
			children = (
				C88251E1251BB4BA00BFB6D7 /* Terrain.h */,
				C831187C249C3DF0003FF7F8 /* Terrain.metal */,
				C88251DB251BB47F00BFB6D7 /* Height.metal */,
				C88251D7251BB42100BFB6D7 /* Tessellator.metal */,
				C88251D4251BB3EF00BFB6D7 /* GBuffer.metal */,
				C8ECABA42553655D00F73F9A /* Objects.metal */,
				C88251D0251BB36400BFB6D7 /* Compositor.metal */,
				C894170A2582DB0200DAB2F9 /* Skybox.metal */,
			);
			path = Shaders;
			sourceTree = "<group>";
		};
		C8ECABA225535EFC00F73F9A /* Objects */ = {
			isa = PBXGroup;
			children = (
				C86ECF782558B3C000A74E47 /* teapot.mtl */,
				C86ECF772558B3C000A74E47 /* teapot.obj */,
				C8BB5B23255A9145008E6F7B /* toy_biplane.usdz */,
			);
			path = Objects;
			sourceTree = "<group>";
		};
/* End PBXGroup section */

/* Begin PBXNativeTarget section */
		C80B5B7A23EC434D0004F726 /* WorldJourney */ = {
			isa = PBXNativeTarget;
			buildConfigurationList = C80B5B8E23EC434E0004F726 /* Build configuration list for PBXNativeTarget "WorldJourney" */;
			buildPhases = (
				C80B5B7723EC434D0004F726 /* Sources */,
				C80B5B7823EC434D0004F726 /* Frameworks */,
				C80B5B7923EC434D0004F726 /* Resources */,
			);
			buildRules = (
			);
			dependencies = (
			);
			name = WorldJourney;
			productName = Metal1;
			productReference = C80B5B7B23EC434D0004F726 /* WorldJourney.app */;
			productType = "com.apple.product-type.application";
		};
/* End PBXNativeTarget section */

/* Begin PBXProject section */
		C80B5B7323EC434D0004F726 /* Project object */ = {
			isa = PBXProject;
			attributes = {
				LastSwiftUpdateCheck = 1130;
				LastUpgradeCheck = 1200;
				ORGANIZATIONNAME = cutting.io;
				TargetAttributes = {
					C80B5B7A23EC434D0004F726 = {
						CreatedOnToolsVersion = 11.3.1;
					};
				};
			};
			buildConfigurationList = C80B5B7623EC434D0004F726 /* Build configuration list for PBXProject "WorldJourney" */;
			compatibilityVersion = "Xcode 9.3";
			developmentRegion = en;
			hasScannedForEncodings = 0;
			knownRegions = (
				en,
				Base,
			);
			mainGroup = C80B5B7223EC434D0004F726;
			productRefGroup = C80B5B7C23EC434D0004F726 /* Products */;
			projectDirPath = "";
			projectRoot = "";
			targets = (
				C80B5B7A23EC434D0004F726 /* WorldJourney */,
			);
		};
/* End PBXProject section */

/* Begin PBXResourcesBuildPhase section */
		C80B5B7923EC434D0004F726 /* Resources */ = {
			isa = PBXResourcesBuildPhase;
			buildActionMask = 2147483647;
			files = (
				C8BB5B24255A9145008E6F7B /* toy_biplane.usdz in Resources */,
				C86ECF792558B3C000A74E47 /* teapot.obj in Resources */,
				C80B5B8923EC434E0004F726 /* Main.storyboard in Resources */,
				C86ECF7A2558B3C000A74E47 /* teapot.mtl in Resources */,
				C839FB8624A00EAB00779F2C /* README.md in Resources */,
				C80B5B8323EC434E0004F726 /* Assets.xcassets in Resources */,
			);
			runOnlyForDeploymentPostprocessing = 0;
		};
/* End PBXResourcesBuildPhase section */

/* Begin PBXSourcesBuildPhase section */
		C80B5B7723EC434D0004F726 /* Sources */ = {
			isa = PBXSourcesBuildPhase;
			buildActionMask = 2147483647;
			files = (
				C839FB8424A00EAB00779F2C /* KeyCodes.swift in Sources */,
				C8718E8E2537BC14000B9C22 /* Tessellator.swift in Sources */,
				C8B97DC92538D9FA00A51142 /* Compositor.swift in Sources */,
				C88251DC251BB47F00BFB6D7 /* Height.metal in Sources */,
				C839FB8524A00EAB00779F2C /* Mouse.swift in Sources */,
				C894170B2582DB0200DAB2F9 /* Skybox.metal in Sources */,
				C8ECABA52553655D00F73F9A /* Objects.metal in Sources */,
				C8B97DD52538FE2B00A51142 /* Planets.swift in Sources */,
				C87B0FB12518134800CB0B15 /* SimplexNoise3D.metal in Sources */,
				C827FE0323EDA38A00F75DAE /* Renderer.swift in Sources */,
				C88C1BE324B504CE00B8D7D0 /* TextureNoise.metal in Sources */,
				C839FB8A24A00EAF00779F2C /* Motion.swift in Sources */,
				C839FB8724A00EAB00779F2C /* ViewInputExtension.swift in Sources */,
				C88251D8251BB42100BFB6D7 /* Tessellator.metal in Sources */,
				C80B5B9223EC43AC0004F726 /* ViewController.swift in Sources */,
				C80B5B7F23EC434D0004F726 /* AppDelegate.swift in Sources */,
				C894170E2582DB3C00DAB2F9 /* Skybox.swift in Sources */,
				C859B94924ABD98900AEA7E3 /* ValueNoise2D.metal in Sources */,
				C8B97DD12538F39600A51142 /* Environs.swift in Sources */,
				C827FE0523EDB54300F75DAE /* Maths.swift in Sources */,
				C83EFD1C25991BF200A98367 /* Utility.swift in Sources */,
				C88251D1251BB36400BFB6D7 /* Compositor.metal in Sources */,
				C839FB8824A00EAB00779F2C /* Keyboard.swift in Sources */,
				C8B97DCD2538EF6200A51142 /* GBuffer.swift in Sources */,
				C831187D249C3DF0003FF7F8 /* Terrain.metal in Sources */,
				C88251D5251BB3EF00BFB6D7 /* GBuffer.metal in Sources */,
			);
			runOnlyForDeploymentPostprocessing = 0;
		};
/* End PBXSourcesBuildPhase section */

/* Begin PBXVariantGroup section */
		C80B5B8723EC434E0004F726 /* Main.storyboard */ = {
			isa = PBXVariantGroup;
			children = (
				C80B5B8823EC434E0004F726 /* Base */,
			);
			name = Main.storyboard;
			sourceTree = "<group>";
		};
/* End PBXVariantGroup section */

/* Begin XCBuildConfiguration section */
		C80B5B8C23EC434E0004F726 /* Debug */ = {
			isa = XCBuildConfiguration;
			buildSettings = {
				ALWAYS_SEARCH_USER_PATHS = NO;
				CLANG_ANALYZER_NONNULL = YES;
				CLANG_ANALYZER_NUMBER_OBJECT_CONVERSION = YES_AGGRESSIVE;
				CLANG_CXX_LANGUAGE_STANDARD = "gnu++14";
				CLANG_CXX_LIBRARY = "libc++";
				CLANG_ENABLE_MODULES = YES;
				CLANG_ENABLE_OBJC_ARC = YES;
				CLANG_ENABLE_OBJC_WEAK = YES;
				CLANG_WARN_BLOCK_CAPTURE_AUTORELEASING = YES;
				CLANG_WARN_BOOL_CONVERSION = YES;
				CLANG_WARN_COMMA = YES;
				CLANG_WARN_CONSTANT_CONVERSION = YES;
				CLANG_WARN_DEPRECATED_OBJC_IMPLEMENTATIONS = YES;
				CLANG_WARN_DIRECT_OBJC_ISA_USAGE = YES_ERROR;
				CLANG_WARN_DOCUMENTATION_COMMENTS = YES;
				CLANG_WARN_EMPTY_BODY = YES;
				CLANG_WARN_ENUM_CONVERSION = YES;
				CLANG_WARN_INFINITE_RECURSION = YES;
				CLANG_WARN_INT_CONVERSION = YES;
				CLANG_WARN_NON_LITERAL_NULL_CONVERSION = YES;
				CLANG_WARN_OBJC_IMPLICIT_RETAIN_SELF = YES;
				CLANG_WARN_OBJC_LITERAL_CONVERSION = YES;
				CLANG_WARN_OBJC_ROOT_CLASS = YES_ERROR;
				CLANG_WARN_QUOTED_INCLUDE_IN_FRAMEWORK_HEADER = YES;
				CLANG_WARN_RANGE_LOOP_ANALYSIS = YES;
				CLANG_WARN_STRICT_PROTOTYPES = YES;
				CLANG_WARN_SUSPICIOUS_MOVE = YES;
				CLANG_WARN_UNGUARDED_AVAILABILITY = YES_AGGRESSIVE;
				CLANG_WARN_UNREACHABLE_CODE = YES;
				CLANG_WARN__DUPLICATE_METHOD_MATCH = YES;
				COPY_PHASE_STRIP = NO;
				DEBUG_INFORMATION_FORMAT = dwarf;
				ENABLE_STRICT_OBJC_MSGSEND = YES;
				ENABLE_TESTABILITY = YES;
				GCC_C_LANGUAGE_STANDARD = gnu11;
				GCC_DYNAMIC_NO_PIC = NO;
				GCC_NO_COMMON_BLOCKS = YES;
				GCC_OPTIMIZATION_LEVEL = 0;
				GCC_PREPROCESSOR_DEFINITIONS = (
					"DEBUG=1",
					"$(inherited)",
				);
				GCC_WARN_64_TO_32_BIT_CONVERSION = YES;
				GCC_WARN_ABOUT_RETURN_TYPE = YES_ERROR;
				GCC_WARN_UNDECLARED_SELECTOR = YES;
				GCC_WARN_UNINITIALIZED_AUTOS = YES_AGGRESSIVE;
				GCC_WARN_UNUSED_FUNCTION = YES;
				GCC_WARN_UNUSED_VARIABLE = YES;
				MACOSX_DEPLOYMENT_TARGET = 10.15;
				MTL_ENABLE_DEBUG_INFO = INCLUDE_SOURCE;
				MTL_FAST_MATH = YES;
				ONLY_ACTIVE_ARCH = YES;
				SDKROOT = macosx;
				SWIFT_ACTIVE_COMPILATION_CONDITIONS = DEBUG;
				SWIFT_OPTIMIZATION_LEVEL = "-Onone";
			};
			name = Debug;
		};
		C80B5B8D23EC434E0004F726 /* Release */ = {
			isa = XCBuildConfiguration;
			buildSettings = {
				ALWAYS_SEARCH_USER_PATHS = NO;
				CLANG_ANALYZER_NONNULL = YES;
				CLANG_ANALYZER_NUMBER_OBJECT_CONVERSION = YES_AGGRESSIVE;
				CLANG_CXX_LANGUAGE_STANDARD = "gnu++14";
				CLANG_CXX_LIBRARY = "libc++";
				CLANG_ENABLE_MODULES = YES;
				CLANG_ENABLE_OBJC_ARC = YES;
				CLANG_ENABLE_OBJC_WEAK = YES;
				CLANG_WARN_BLOCK_CAPTURE_AUTORELEASING = YES;
				CLANG_WARN_BOOL_CONVERSION = YES;
				CLANG_WARN_COMMA = YES;
				CLANG_WARN_CONSTANT_CONVERSION = YES;
				CLANG_WARN_DEPRECATED_OBJC_IMPLEMENTATIONS = YES;
				CLANG_WARN_DIRECT_OBJC_ISA_USAGE = YES_ERROR;
				CLANG_WARN_DOCUMENTATION_COMMENTS = YES;
				CLANG_WARN_EMPTY_BODY = YES;
				CLANG_WARN_ENUM_CONVERSION = YES;
				CLANG_WARN_INFINITE_RECURSION = YES;
				CLANG_WARN_INT_CONVERSION = YES;
				CLANG_WARN_NON_LITERAL_NULL_CONVERSION = YES;
				CLANG_WARN_OBJC_IMPLICIT_RETAIN_SELF = YES;
				CLANG_WARN_OBJC_LITERAL_CONVERSION = YES;
				CLANG_WARN_OBJC_ROOT_CLASS = YES_ERROR;
				CLANG_WARN_QUOTED_INCLUDE_IN_FRAMEWORK_HEADER = YES;
				CLANG_WARN_RANGE_LOOP_ANALYSIS = YES;
				CLANG_WARN_STRICT_PROTOTYPES = YES;
				CLANG_WARN_SUSPICIOUS_MOVE = YES;
				CLANG_WARN_UNGUARDED_AVAILABILITY = YES_AGGRESSIVE;
				CLANG_WARN_UNREACHABLE_CODE = YES;
				CLANG_WARN__DUPLICATE_METHOD_MATCH = YES;
				COPY_PHASE_STRIP = NO;
				DEBUG_INFORMATION_FORMAT = "dwarf-with-dsym";
				ENABLE_NS_ASSERTIONS = NO;
				ENABLE_STRICT_OBJC_MSGSEND = YES;
				GCC_C_LANGUAGE_STANDARD = gnu11;
				GCC_NO_COMMON_BLOCKS = YES;
				GCC_WARN_64_TO_32_BIT_CONVERSION = YES;
				GCC_WARN_ABOUT_RETURN_TYPE = YES_ERROR;
				GCC_WARN_UNDECLARED_SELECTOR = YES;
				GCC_WARN_UNINITIALIZED_AUTOS = YES_AGGRESSIVE;
				GCC_WARN_UNUSED_FUNCTION = YES;
				GCC_WARN_UNUSED_VARIABLE = YES;
				MACOSX_DEPLOYMENT_TARGET = 10.15;
				MTL_ENABLE_DEBUG_INFO = NO;
				MTL_FAST_MATH = YES;
				SDKROOT = macosx;
				SWIFT_COMPILATION_MODE = wholemodule;
				SWIFT_OPTIMIZATION_LEVEL = "-O";
			};
			name = Release;
		};
		C80B5B8F23EC434E0004F726 /* Debug */ = {
			isa = XCBuildConfiguration;
			buildSettings = {
				ASSETCATALOG_COMPILER_APPICON_NAME = AppIcon;
				CODE_SIGN_ENTITLEMENTS = WorldJourney/Utility/WorldJourney.entitlements;
				CODE_SIGN_IDENTITY = "-";
				CODE_SIGN_STYLE = Automatic;
				COMBINE_HIDPI_IMAGES = YES;
				DEVELOPMENT_TEAM = AYHK8KU7G7;
				ENABLE_HARDENED_RUNTIME = YES;
				ENABLE_PREVIEWS = YES;
				INFOPLIST_FILE = WorldJourney/Utility/Info.plist;
				LD_RUNPATH_SEARCH_PATHS = (
					"$(inherited)",
					"@executable_path/../Frameworks",
				);
				MACOSX_DEPLOYMENT_TARGET = 10.15;
				OTHER_CPLUSPLUSFLAGS = (
					"$(OTHER_CFLAGS)",
					"–ffast-math",
				);
				PRODUCT_BUNDLE_IDENTIFIER = com.worldjourney.mac;
				PRODUCT_NAME = "$(TARGET_NAME)";
				SWIFT_OBJC_BRIDGING_HEADER = WorldJourney/Common.h;
				SWIFT_VERSION = 5.0;
			};
			name = Debug;
		};
		C80B5B9023EC434E0004F726 /* Release */ = {
			isa = XCBuildConfiguration;
			buildSettings = {
				ASSETCATALOG_COMPILER_APPICON_NAME = AppIcon;
				CODE_SIGN_ENTITLEMENTS = WorldJourney/Utility/WorldJourney.entitlements;
				CODE_SIGN_IDENTITY = "-";
				CODE_SIGN_STYLE = Automatic;
				COMBINE_HIDPI_IMAGES = YES;
				DEVELOPMENT_TEAM = AYHK8KU7G7;
				ENABLE_HARDENED_RUNTIME = YES;
				ENABLE_PREVIEWS = YES;
				INFOPLIST_FILE = WorldJourney/Utility/Info.plist;
				LD_RUNPATH_SEARCH_PATHS = (
					"$(inherited)",
					"@executable_path/../Frameworks",
				);
				MACOSX_DEPLOYMENT_TARGET = 10.15;
				OTHER_CPLUSPLUSFLAGS = (
					"$(OTHER_CFLAGS)",
					"–ffast-math",
				);
				PRODUCT_BUNDLE_IDENTIFIER = com.worldjourney.mac;
				PRODUCT_NAME = "$(TARGET_NAME)";
				SWIFT_OBJC_BRIDGING_HEADER = WorldJourney/Common.h;
				SWIFT_VERSION = 5.0;
			};
			name = Release;
		};
/* End XCBuildConfiguration section */

/* Begin XCConfigurationList section */
		C80B5B7623EC434D0004F726 /* Build configuration list for PBXProject "WorldJourney" */ = {
			isa = XCConfigurationList;
			buildConfigurations = (
				C80B5B8C23EC434E0004F726 /* Debug */,
				C80B5B8D23EC434E0004F726 /* Release */,
			);
			defaultConfigurationIsVisible = 0;
			defaultConfigurationName = Release;
		};
		C80B5B8E23EC434E0004F726 /* Build configuration list for PBXNativeTarget "WorldJourney" */ = {
			isa = XCConfigurationList;
			buildConfigurations = (
				C80B5B8F23EC434E0004F726 /* Debug */,
				C80B5B9023EC434E0004F726 /* Release */,
			);
			defaultConfigurationIsVisible = 0;
			defaultConfigurationName = Release;
		};
/* End XCConfigurationList section */
	};
	rootObject = C80B5B7323EC434D0004F726 /* Project object */;
}
