// !$*UTF8*$!
{
	archiveVersion = 1;
	classes = {
	};
	objectVersion = 52;
	objects = {

/* Begin PBXBuildFile section */
		C80B5B7F23EC434D0004F726 /* AppDelegate.swift in Sources */ = {isa = PBXBuildFile; fileRef = C80B5B7E23EC434D0004F726 /* AppDelegate.swift */; };
		C80B5B8323EC434E0004F726 /* Assets.xcassets in Resources */ = {isa = PBXBuildFile; fileRef = C80B5B8223EC434E0004F726 /* Assets.xcassets */; };
		C80B5B8923EC434E0004F726 /* Main.storyboard in Resources */ = {isa = PBXBuildFile; fileRef = C80B5B8723EC434E0004F726 /* Main.storyboard */; };
		C80B5B9223EC43AC0004F726 /* ViewController.swift in Sources */ = {isa = PBXBuildFile; fileRef = C80B5B9123EC43AC0004F726 /* ViewController.swift */; };
		C8226BCF25AA852400F74E7D /* PhyKit in Frameworks */ = {isa = PBXBuildFile; productRef = C8226BCE25AA852400F74E7D /* PhyKit */; };
		C82783D326D2732700AB8E30 /* RenderPass.swift in Sources */ = {isa = PBXBuildFile; fileRef = C82783D226D2732700AB8E30 /* RenderPass.swift */; };
		C82783D526D2751E00AB8E30 /* Overlay.metal in Sources */ = {isa = PBXBuildFile; fileRef = C82783D426D2751E00AB8E30 /* Overlay.metal */; };
		C82783D726D275BD00AB8E30 /* Overlay.swift in Sources */ = {isa = PBXBuildFile; fileRef = C82783D626D275BD00AB8E30 /* Overlay.swift */; };
		C82783D926D28E3000AB8E30 /* HUD.sks in Resources */ = {isa = PBXBuildFile; fileRef = C82783D826D28E3000AB8E30 /* HUD.sks */; };
		C827FE0323EDA38A00F75DAE /* Renderer.swift in Sources */ = {isa = PBXBuildFile; fileRef = C827FE0223EDA38A00F75DAE /* Renderer.swift */; };
		C827FE0523EDB54300F75DAE /* MathsUtility.swift in Sources */ = {isa = PBXBuildFile; fileRef = C827FE0423EDB54300F75DAE /* MathsUtility.swift */; };
		C828181E26CF926400673EAC /* MenuScene.sks in Resources */ = {isa = PBXBuildFile; fileRef = C828181D26CF926400673EAC /* MenuScene.sks */; };
		C82D18AB26B7DD2E00B87AF4 /* A_Simple_Rock.usdz in Resources */ = {isa = PBXBuildFile; fileRef = C82D18AA26B7DD2E00B87AF4 /* A_Simple_Rock.usdz */; };
		C82D18AD26B818F600B87AF4 /* Maths.metal in Sources */ = {isa = PBXBuildFile; fileRef = C82D18AC26B818F600B87AF4 /* Maths.metal */; };
		C82D18B626B8498C00B87AF4 /* Rock_Stone_02.usdz in Resources */ = {isa = PBXBuildFile; fileRef = C82D18B526B8498C00B87AF4 /* Rock_Stone_02.usdz */; };
		C82D18BC26B93F2300B87AF4 /* Rock.usdz in Resources */ = {isa = PBXBuildFile; fileRef = C82D18BB26B93F2300B87AF4 /* Rock.usdz */; };
		C8302A8526B67B7700195986 /* Objects.swift in Sources */ = {isa = PBXBuildFile; fileRef = C8302A8426B67B7700195986 /* Objects.swift */; };
		C831187D249C3DF0003FF7F8 /* Terrain.metal in Sources */ = {isa = PBXBuildFile; fileRef = C831187C249C3DF0003FF7F8 /* Terrain.metal */; };
		C839FB8524A00EAB00779F2C /* Mouse.swift in Sources */ = {isa = PBXBuildFile; fileRef = C839FB8024A00EAB00779F2C /* Mouse.swift */; };
		C839FB8624A00EAB00779F2C /* README.md in Resources */ = {isa = PBXBuildFile; fileRef = C839FB8124A00EAB00779F2C /* README.md */; };
		C839FB8724A00EAB00779F2C /* ViewInputExtension.swift in Sources */ = {isa = PBXBuildFile; fileRef = C839FB8224A00EAB00779F2C /* ViewInputExtension.swift */; };
		C83EFD1C25991BF200A98367 /* TextureUtility.swift in Sources */ = {isa = PBXBuildFile; fileRef = C83EFD1B25991BF200A98367 /* TextureUtility.swift */; };
		C84D6C4526BC0671003932B0 /* low_poly_stone.usdz in Resources */ = {isa = PBXBuildFile; fileRef = C84D6C4426BC0671003932B0 /* low_poly_stone.usdz */; };
		C8718E8E2537BC14000B9C22 /* Tessellator.swift in Sources */ = {isa = PBXBuildFile; fileRef = C8718E8D2537BC14000B9C22 /* Tessellator.swift */; };
		C877CF722A1AE6B800E6AF9D /* WorldTerrain.metal in Sources */ = {isa = PBXBuildFile; fileRef = C877CF712A1AE6B800E6AF9D /* WorldTerrain.metal */; };
		C877CF742A1AE6F400E6AF9D /* WorldTerrain.metal in Sources */ = {isa = PBXBuildFile; fileRef = C877CF712A1AE6B800E6AF9D /* WorldTerrain.metal */; };
		C88251D1251BB36400BFB6D7 /* Compositor.metal in Sources */ = {isa = PBXBuildFile; fileRef = C88251D0251BB36400BFB6D7 /* Compositor.metal */; };
		C88251D5251BB3EF00BFB6D7 /* GBuffer.metal in Sources */ = {isa = PBXBuildFile; fileRef = C88251D4251BB3EF00BFB6D7 /* GBuffer.metal */; };
		C88251D8251BB42100BFB6D7 /* Tessellator.metal in Sources */ = {isa = PBXBuildFile; fileRef = C88251D7251BB42100BFB6D7 /* Tessellator.metal */; };
		C88251DC251BB47F00BFB6D7 /* Environs.metal in Sources */ = {isa = PBXBuildFile; fileRef = C88251DB251BB47F00BFB6D7 /* Environs.metal */; };
		C882C7DB29C5A2F900CAE8A2 /* InfiniteNoise.metal in Sources */ = {isa = PBXBuildFile; fileRef = C882C7DA29C5A2F900CAE8A2 /* InfiniteNoise.metal */; };
		C882C7DC29C5A2FD00CAE8A2 /* InfiniteNoise.metal in Sources */ = {isa = PBXBuildFile; fileRef = C882C7DA29C5A2F900CAE8A2 /* InfiniteNoise.metal */; };
		C88A9050267389090089B4B8 /* Keyboard.swift in Sources */ = {isa = PBXBuildFile; fileRef = C839FB8324A00EAB00779F2C /* Keyboard.swift */; };
		C88A9051267389290089B4B8 /* KeyCodes.swift in Sources */ = {isa = PBXBuildFile; fileRef = C839FB7F24A00EAB00779F2C /* KeyCodes.swift */; };
		C88A90522673896D0089B4B8 /* Noise.metal in Sources */ = {isa = PBXBuildFile; fileRef = C87B0FB02518134800CB0B15 /* Noise.metal */; };
		C88C7E2826C0EC3D00A57056 /* Solar.swift in Sources */ = {isa = PBXBuildFile; fileRef = C88C7E2726C0EC3D00A57056 /* Solar.swift */; };
		C89125A2295497F60063F1C4 /* MathsUtility.swift in Sources */ = {isa = PBXBuildFile; fileRef = C827FE0423EDB54300F75DAE /* MathsUtility.swift */; };
		C894170B2582DB0200DAB2F9 /* Skybox.metal in Sources */ = {isa = PBXBuildFile; fileRef = C894170A2582DB0200DAB2F9 /* Skybox.metal */; };
		C894170E2582DB3C00DAB2F9 /* Skybox.swift in Sources */ = {isa = PBXBuildFile; fileRef = C894170D2582DB3C00DAB2F9 /* Skybox.swift */; };
		C8A3A7822953352D005D37CE /* AppDelegate.swift in Sources */ = {isa = PBXBuildFile; fileRef = C8A3A7812953352D005D37CE /* AppDelegate.swift */; };
		C8A3A7842953352D005D37CE /* GameViewController.swift in Sources */ = {isa = PBXBuildFile; fileRef = C8A3A7832953352D005D37CE /* GameViewController.swift */; };
		C8A3A7862953352D005D37CE /* Renderer.swift in Sources */ = {isa = PBXBuildFile; fileRef = C8A3A7852953352D005D37CE /* Renderer.swift */; };
		C8A3A7882953352D005D37CE /* Shaders.metal in Sources */ = {isa = PBXBuildFile; fileRef = C8A3A7872953352D005D37CE /* Shaders.metal */; };
		C8A3A78B29533531005D37CE /* Assets.xcassets in Resources */ = {isa = PBXBuildFile; fileRef = C8A3A78A29533531005D37CE /* Assets.xcassets */; };
		C8A3A78E29533531005D37CE /* Main.storyboard in Resources */ = {isa = PBXBuildFile; fileRef = C8A3A78C29533531005D37CE /* Main.storyboard */; };
		C8A3A793295335F1005D37CE /* Noise.metal in Sources */ = {isa = PBXBuildFile; fileRef = C87B0FB02518134800CB0B15 /* Noise.metal */; };
		C8A3A794295335F6005D37CE /* Terrain.metal in Sources */ = {isa = PBXBuildFile; fileRef = C831187C249C3DF0003FF7F8 /* Terrain.metal */; };
		C8A3A795295335F9005D37CE /* Maths.metal in Sources */ = {isa = PBXBuildFile; fileRef = C82D18AC26B818F600B87AF4 /* Maths.metal */; };
		C8B97DC92538D9FA00A51142 /* Compositor.swift in Sources */ = {isa = PBXBuildFile; fileRef = C8B97DC82538D9FA00A51142 /* Compositor.swift */; };
		C8B97DCD2538EF6200A51142 /* GBuffer.swift in Sources */ = {isa = PBXBuildFile; fileRef = C8B97DCC2538EF6200A51142 /* GBuffer.swift */; };
		C8B97DD12538F39600A51142 /* Environs.swift in Sources */ = {isa = PBXBuildFile; fileRef = C8B97DD02538F39600A51142 /* Environs.swift */; };
		C8B97DD52538FE2B00A51142 /* Planets.swift in Sources */ = {isa = PBXBuildFile; fileRef = C8B97DD42538FE2B00A51142 /* Planets.swift */; };
		C8BB5B24255A9145008E6F7B /* toy_biplane.usdz in Resources */ = {isa = PBXBuildFile; fileRef = C8BB5B23255A9145008E6F7B /* toy_biplane.usdz */; };
		C8E46F8126BC2E8D0060FE71 /* Lunar_Shuttle.usdz in Resources */ = {isa = PBXBuildFile; fileRef = C8E46F8026BC2E8D0060FE71 /* Lunar_Shuttle.usdz */; };
		C8E46F8326BC2FF30060FE71 /* Shuttle_Typ_15.usdz in Resources */ = {isa = PBXBuildFile; fileRef = C8E46F8226BC2FF30060FE71 /* Shuttle_Typ_15.usdz */; };
		C8E46F8526BC2FF70060FE71 /* Xylophis_Light_Shuttle_by_Nyankosensei.usdz in Resources */ = {isa = PBXBuildFile; fileRef = C8E46F8426BC2FF70060FE71 /* Xylophis_Light_Shuttle_by_Nyankosensei.usdz */; };
		C8ECABA52553655D00F73F9A /* Objects.metal in Sources */ = {isa = PBXBuildFile; fileRef = C8ECABA42553655D00F73F9A /* Objects.metal */; };
		C8F91FEA29967E4700508AF9 /* Tessellator.metal in Sources */ = {isa = PBXBuildFile; fileRef = C8F91FE929967E4700508AF9 /* Tessellator.metal */; };
		C8FBAC1225A9395600CE4EFB /* Physics.swift in Sources */ = {isa = PBXBuildFile; fileRef = C8FBAC1125A9395500CE4EFB /* Physics.swift */; };
/* End PBXBuildFile section */

/* Begin PBXFileReference section */
		C80B5B7B23EC434D0004F726 /* WorldJourney.app */ = {isa = PBXFileReference; explicitFileType = wrapper.application; includeInIndex = 0; path = WorldJourney.app; sourceTree = BUILT_PRODUCTS_DIR; };
		C80B5B7E23EC434D0004F726 /* AppDelegate.swift */ = {isa = PBXFileReference; lastKnownFileType = sourcecode.swift; path = AppDelegate.swift; sourceTree = "<group>"; };
		C80B5B8223EC434E0004F726 /* Assets.xcassets */ = {isa = PBXFileReference; lastKnownFileType = folder.assetcatalog; path = Assets.xcassets; sourceTree = "<group>"; };
		C80B5B8823EC434E0004F726 /* Base */ = {isa = PBXFileReference; lastKnownFileType = file.storyboard; name = Base; path = Base.lproj/Main.storyboard; sourceTree = "<group>"; };
		C80B5B8A23EC434E0004F726 /* Info.plist */ = {isa = PBXFileReference; lastKnownFileType = text.plist.xml; path = Info.plist; sourceTree = "<group>"; };
		C80B5B8B23EC434E0004F726 /* WorldJourney.entitlements */ = {isa = PBXFileReference; lastKnownFileType = text.plist.entitlements; path = WorldJourney.entitlements; sourceTree = "<group>"; };
		C80B5B9123EC43AC0004F726 /* ViewController.swift */ = {isa = PBXFileReference; lastKnownFileType = sourcecode.swift; path = ViewController.swift; sourceTree = "<group>"; };
		C82783D226D2732700AB8E30 /* RenderPass.swift */ = {isa = PBXFileReference; fileEncoding = 4; lastKnownFileType = sourcecode.swift; path = RenderPass.swift; sourceTree = "<group>"; };
		C82783D426D2751E00AB8E30 /* Overlay.metal */ = {isa = PBXFileReference; fileEncoding = 4; lastKnownFileType = sourcecode.metal; path = Overlay.metal; sourceTree = "<group>"; };
		C82783D626D275BD00AB8E30 /* Overlay.swift */ = {isa = PBXFileReference; fileEncoding = 4; lastKnownFileType = sourcecode.swift; path = Overlay.swift; sourceTree = "<group>"; };
		C82783D826D28E3000AB8E30 /* HUD.sks */ = {isa = PBXFileReference; lastKnownFileType = file.sks; path = HUD.sks; sourceTree = "<group>"; };
		C827FE0223EDA38A00F75DAE /* Renderer.swift */ = {isa = PBXFileReference; indentWidth = 2; lastKnownFileType = sourcecode.swift; path = Renderer.swift; sourceTree = "<group>"; tabWidth = 2; };
		C827FE0423EDB54300F75DAE /* MathsUtility.swift */ = {isa = PBXFileReference; lastKnownFileType = sourcecode.swift; path = MathsUtility.swift; sourceTree = "<group>"; };
		C828181D26CF926400673EAC /* MenuScene.sks */ = {isa = PBXFileReference; lastKnownFileType = file.sks; path = MenuScene.sks; sourceTree = "<group>"; };
		C82D18AA26B7DD2E00B87AF4 /* A_Simple_Rock.usdz */ = {isa = PBXFileReference; lastKnownFileType = file.usdz; path = A_Simple_Rock.usdz; sourceTree = "<group>"; };
		C82D18AC26B818F600B87AF4 /* Maths.metal */ = {isa = PBXFileReference; lastKnownFileType = sourcecode.metal; path = Maths.metal; sourceTree = "<group>"; };
		C82D18AE26B819DB00B87AF4 /* Maths.h */ = {isa = PBXFileReference; lastKnownFileType = sourcecode.c.h; path = Maths.h; sourceTree = "<group>"; };
		C82D18B526B8498C00B87AF4 /* Rock_Stone_02.usdz */ = {isa = PBXFileReference; lastKnownFileType = file.usdz; path = Rock_Stone_02.usdz; sourceTree = "<group>"; };
		C82D18BB26B93F2300B87AF4 /* Rock.usdz */ = {isa = PBXFileReference; lastKnownFileType = file.usdz; path = Rock.usdz; sourceTree = "<group>"; };
		C8302A8426B67B7700195986 /* Objects.swift */ = {isa = PBXFileReference; lastKnownFileType = sourcecode.swift; path = Objects.swift; sourceTree = "<group>"; };
		C831187B249C3A0F003FF7F8 /* Common.h */ = {isa = PBXFileReference; lastKnownFileType = sourcecode.c.h; path = Common.h; sourceTree = "<group>"; };
		C831187C249C3DF0003FF7F8 /* Terrain.metal */ = {isa = PBXFileReference; indentWidth = 2; lastKnownFileType = sourcecode.metal; path = Terrain.metal; sourceTree = "<group>"; tabWidth = 2; };
		C839FB7F24A00EAB00779F2C /* KeyCodes.swift */ = {isa = PBXFileReference; fileEncoding = 4; lastKnownFileType = sourcecode.swift; path = KeyCodes.swift; sourceTree = "<group>"; };
		C839FB8024A00EAB00779F2C /* Mouse.swift */ = {isa = PBXFileReference; fileEncoding = 4; lastKnownFileType = sourcecode.swift; path = Mouse.swift; sourceTree = "<group>"; };
		C839FB8124A00EAB00779F2C /* README.md */ = {isa = PBXFileReference; fileEncoding = 4; lastKnownFileType = net.daringfireball.markdown; path = README.md; sourceTree = "<group>"; };
		C839FB8224A00EAB00779F2C /* ViewInputExtension.swift */ = {isa = PBXFileReference; fileEncoding = 4; lastKnownFileType = sourcecode.swift; path = ViewInputExtension.swift; sourceTree = "<group>"; };
		C839FB8324A00EAB00779F2C /* Keyboard.swift */ = {isa = PBXFileReference; fileEncoding = 4; lastKnownFileType = sourcecode.swift; path = Keyboard.swift; sourceTree = "<group>"; };
		C83EFD1B25991BF200A98367 /* TextureUtility.swift */ = {isa = PBXFileReference; lastKnownFileType = sourcecode.swift; path = TextureUtility.swift; sourceTree = "<group>"; };
		C84C2C0C24ABDA980026D714 /* Noise.h */ = {isa = PBXFileReference; lastKnownFileType = sourcecode.c.h; path = Noise.h; sourceTree = "<group>"; };
		C84D6C4426BC0671003932B0 /* low_poly_stone.usdz */ = {isa = PBXFileReference; lastKnownFileType = file.usdz; path = low_poly_stone.usdz; sourceTree = "<group>"; };
		C8718E8D2537BC14000B9C22 /* Tessellator.swift */ = {isa = PBXFileReference; lastKnownFileType = sourcecode.swift; path = Tessellator.swift; sourceTree = "<group>"; };
		C877CF712A1AE6B800E6AF9D /* WorldTerrain.metal */ = {isa = PBXFileReference; lastKnownFileType = sourcecode.metal; path = WorldTerrain.metal; sourceTree = "<group>"; };
		C877CF732A1AE6C700E6AF9D /* WorldTerrain.h */ = {isa = PBXFileReference; lastKnownFileType = sourcecode.c.h; path = WorldTerrain.h; sourceTree = "<group>"; };
		C87B0FB02518134800CB0B15 /* Noise.metal */ = {isa = PBXFileReference; lastKnownFileType = sourcecode.metal; path = Noise.metal; sourceTree = "<group>"; };
		C88251D0251BB36400BFB6D7 /* Compositor.metal */ = {isa = PBXFileReference; lastKnownFileType = sourcecode.metal; path = Compositor.metal; sourceTree = "<group>"; };
		C88251D4251BB3EF00BFB6D7 /* GBuffer.metal */ = {isa = PBXFileReference; lastKnownFileType = sourcecode.metal; path = GBuffer.metal; sourceTree = "<group>"; };
		C88251D7251BB42100BFB6D7 /* Tessellator.metal */ = {isa = PBXFileReference; lastKnownFileType = sourcecode.metal; path = Tessellator.metal; sourceTree = "<group>"; };
		C88251DB251BB47F00BFB6D7 /* Environs.metal */ = {isa = PBXFileReference; indentWidth = 2; lastKnownFileType = sourcecode.metal; path = Environs.metal; sourceTree = "<group>"; tabWidth = 2; };
		C88251E1251BB4BA00BFB6D7 /* Terrain.h */ = {isa = PBXFileReference; lastKnownFileType = sourcecode.c.h; path = Terrain.h; sourceTree = "<group>"; };
		C882C7DA29C5A2F900CAE8A2 /* InfiniteNoise.metal */ = {isa = PBXFileReference; lastKnownFileType = sourcecode.metal; path = InfiniteNoise.metal; sourceTree = "<group>"; };
		C882C7DD29C5A31A00CAE8A2 /* InfiniteNoise.h */ = {isa = PBXFileReference; lastKnownFileType = sourcecode.c.h; path = InfiniteNoise.h; sourceTree = "<group>"; };
		C88C7E2726C0EC3D00A57056 /* Solar.swift */ = {isa = PBXFileReference; lastKnownFileType = sourcecode.swift; path = Solar.swift; sourceTree = "<group>"; };
		C89125A1295475800063F1C4 /* Common.h */ = {isa = PBXFileReference; lastKnownFileType = sourcecode.c.h; path = Common.h; sourceTree = "<group>"; };
		C894170A2582DB0200DAB2F9 /* Skybox.metal */ = {isa = PBXFileReference; lastKnownFileType = sourcecode.metal; path = Skybox.metal; sourceTree = "<group>"; };
		C894170D2582DB3C00DAB2F9 /* Skybox.swift */ = {isa = PBXFileReference; lastKnownFileType = sourcecode.swift; path = Skybox.swift; sourceTree = "<group>"; };
		C8A3A77F2953352D005D37CE /* Terrainium.app */ = {isa = PBXFileReference; explicitFileType = wrapper.application; includeInIndex = 0; path = Terrainium.app; sourceTree = BUILT_PRODUCTS_DIR; };
		C8A3A7812953352D005D37CE /* AppDelegate.swift */ = {isa = PBXFileReference; lastKnownFileType = sourcecode.swift; path = AppDelegate.swift; sourceTree = "<group>"; };
		C8A3A7832953352D005D37CE /* GameViewController.swift */ = {isa = PBXFileReference; lastKnownFileType = sourcecode.swift; path = GameViewController.swift; sourceTree = "<group>"; };
		C8A3A7852953352D005D37CE /* Renderer.swift */ = {isa = PBXFileReference; lastKnownFileType = sourcecode.swift; path = Renderer.swift; sourceTree = "<group>"; };
		C8A3A7872953352D005D37CE /* Shaders.metal */ = {isa = PBXFileReference; lastKnownFileType = sourcecode.metal; path = Shaders.metal; sourceTree = "<group>"; };
		C8A3A78A29533531005D37CE /* Assets.xcassets */ = {isa = PBXFileReference; lastKnownFileType = folder.assetcatalog; path = Assets.xcassets; sourceTree = "<group>"; };
		C8A3A78D29533531005D37CE /* Base */ = {isa = PBXFileReference; lastKnownFileType = file.storyboard; name = Base; path = Base.lproj/Main.storyboard; sourceTree = "<group>"; };
		C8A3A78F29533531005D37CE /* Terrainium.entitlements */ = {isa = PBXFileReference; lastKnownFileType = text.plist.entitlements; path = Terrainium.entitlements; sourceTree = "<group>"; };
		C8B97DC82538D9FA00A51142 /* Compositor.swift */ = {isa = PBXFileReference; lastKnownFileType = sourcecode.swift; path = Compositor.swift; sourceTree = "<group>"; };
		C8B97DCC2538EF6200A51142 /* GBuffer.swift */ = {isa = PBXFileReference; lastKnownFileType = sourcecode.swift; path = GBuffer.swift; sourceTree = "<group>"; };
		C8B97DD02538F39600A51142 /* Environs.swift */ = {isa = PBXFileReference; lastKnownFileType = sourcecode.swift; path = Environs.swift; sourceTree = "<group>"; };
		C8B97DD42538FE2B00A51142 /* Planets.swift */ = {isa = PBXFileReference; lastKnownFileType = sourcecode.swift; path = Planets.swift; sourceTree = "<group>"; };
		C8BB5B23255A9145008E6F7B /* toy_biplane.usdz */ = {isa = PBXFileReference; lastKnownFileType = file.usdz; path = toy_biplane.usdz; sourceTree = "<group>"; };
		C8E46F8026BC2E8D0060FE71 /* Lunar_Shuttle.usdz */ = {isa = PBXFileReference; lastKnownFileType = file.usdz; path = Lunar_Shuttle.usdz; sourceTree = "<group>"; };
		C8E46F8226BC2FF30060FE71 /* Shuttle_Typ_15.usdz */ = {isa = PBXFileReference; lastKnownFileType = file.usdz; path = Shuttle_Typ_15.usdz; sourceTree = "<group>"; };
		C8E46F8426BC2FF70060FE71 /* Xylophis_Light_Shuttle_by_Nyankosensei.usdz */ = {isa = PBXFileReference; lastKnownFileType = file.usdz; path = Xylophis_Light_Shuttle_by_Nyankosensei.usdz; sourceTree = "<group>"; };
		C8ECABA42553655D00F73F9A /* Objects.metal */ = {isa = PBXFileReference; lastKnownFileType = sourcecode.metal; path = Objects.metal; sourceTree = "<group>"; };
		C8F91FE929967E4700508AF9 /* Tessellator.metal */ = {isa = PBXFileReference; lastKnownFileType = sourcecode.metal; path = Tessellator.metal; sourceTree = "<group>"; };
		C8FBAC1125A9395500CE4EFB /* Physics.swift */ = {isa = PBXFileReference; lastKnownFileType = sourcecode.swift; path = Physics.swift; sourceTree = "<group>"; };
		C8FBAC1925AA848800CE4EFB /* PhyKit */ = {isa = PBXFileReference; lastKnownFileType = folder; name = PhyKit; path = ../PhyKit; sourceTree = "<group>"; };
/* End PBXFileReference section */

/* Begin PBXFrameworksBuildPhase section */
		C80B5B7823EC434D0004F726 /* Frameworks */ = {
			isa = PBXFrameworksBuildPhase;
			buildActionMask = 2147483647;
			files = (
				C8226BCF25AA852400F74E7D /* PhyKit in Frameworks */,
			);
			runOnlyForDeploymentPostprocessing = 0;
		};
		C8A3A77C2953352D005D37CE /* Frameworks */ = {
			isa = PBXFrameworksBuildPhase;
			buildActionMask = 2147483647;
			files = (
			);
			runOnlyForDeploymentPostprocessing = 0;
		};
/* End PBXFrameworksBuildPhase section */

/* Begin PBXGroup section */
		C80B5B7223EC434D0004F726 = {
			isa = PBXGroup;
			children = (
				C80B5B7D23EC434D0004F726 /* WorldJourney */,
				C8A3A7802953352D005D37CE /* Terrainium */,
				C80B5B7C23EC434D0004F726 /* Products */,
				C8FBAC1925AA848800CE4EFB /* PhyKit */,
				C8226BCD25AA852400F74E7D /* Frameworks */,
			);
			indentWidth = 2;
			sourceTree = "<group>";
			tabWidth = 2;
		};
		C80B5B7C23EC434D0004F726 /* Products */ = {
			isa = PBXGroup;
			children = (
				C80B5B7B23EC434D0004F726 /* WorldJourney.app */,
				C8A3A77F2953352D005D37CE /* Terrainium.app */,
			);
			name = Products;
			sourceTree = "<group>";
		};
		C80B5B7D23EC434D0004F726 /* WorldJourney */ = {
			isa = PBXGroup;
			children = (
				C88C7E2626C0EC3100A57056 /* Games */,
				C831187B249C3A0F003FF7F8 /* Common.h */,
				C8FBAC1125A9395500CE4EFB /* Physics.swift */,
				C8B97DD42538FE2B00A51142 /* Planets.swift */,
				C827FE0223EDA38A00F75DAE /* Renderer.swift */,
				C82783D226D2732700AB8E30 /* RenderPass.swift */,
				C8718E8D2537BC14000B9C22 /* Tessellator.swift */,
				C88251D7251BB42100BFB6D7 /* Tessellator.metal */,
				C8B97DCC2538EF6200A51142 /* GBuffer.swift */,
				C88251D4251BB3EF00BFB6D7 /* GBuffer.metal */,
				C8302A8426B67B7700195986 /* Objects.swift */,
				C8ECABA42553655D00F73F9A /* Objects.metal */,
				C8B97DC82538D9FA00A51142 /* Compositor.swift */,
				C88251D0251BB36400BFB6D7 /* Compositor.metal */,
				C82783D626D275BD00AB8E30 /* Overlay.swift */,
				C82783D426D2751E00AB8E30 /* Overlay.metal */,
				C894170D2582DB3C00DAB2F9 /* Skybox.swift */,
				C894170A2582DB0200DAB2F9 /* Skybox.metal */,
				C8B97DD02538F39600A51142 /* Environs.swift */,
				C88251DB251BB47F00BFB6D7 /* Environs.metal */,
				C84C2C0C24ABDA980026D714 /* Noise.h */,
				C87B0FB02518134800CB0B15 /* Noise.metal */,
				C882C7DD29C5A31A00CAE8A2 /* InfiniteNoise.h */,
				C882C7DA29C5A2F900CAE8A2 /* InfiniteNoise.metal */,
				C88251E1251BB4BA00BFB6D7 /* Terrain.h */,
				C831187C249C3DF0003FF7F8 /* Terrain.metal */,
				C877CF732A1AE6C700E6AF9D /* WorldTerrain.h */,
				C877CF712A1AE6B800E6AF9D /* WorldTerrain.metal */,
				C82D18AE26B819DB00B87AF4 /* Maths.h */,
				C82D18AC26B818F600B87AF4 /* Maths.metal */,
				C8ECABA225535EFC00F73F9A /* Assets */,
				C839FB7E24A00EAB00779F2C /* Input */,
				C8CED859251BA7E600F8F8F6 /* Utility */,
				C828181D26CF926400673EAC /* MenuScene.sks */,
				C82783D826D28E3000AB8E30 /* HUD.sks */,
			);
			path = WorldJourney;
			sourceTree = "<group>";
		};
		C8226BCD25AA852400F74E7D /* Frameworks */ = {
			isa = PBXGroup;
			children = (
			);
			name = Frameworks;
			sourceTree = "<group>";
		};
		C839FB7E24A00EAB00779F2C /* Input */ = {
			isa = PBXGroup;
			children = (
				C839FB8124A00EAB00779F2C /* README.md */,
				C839FB8324A00EAB00779F2C /* Keyboard.swift */,
				C839FB7F24A00EAB00779F2C /* KeyCodes.swift */,
				C839FB8024A00EAB00779F2C /* Mouse.swift */,
				C839FB8224A00EAB00779F2C /* ViewInputExtension.swift */,
			);
			path = Input;
			sourceTree = "<group>";
		};
		C88C7E2626C0EC3100A57056 /* Games */ = {
			isa = PBXGroup;
			children = (
				C88C7E2726C0EC3D00A57056 /* Solar.swift */,
			);
			path = Games;
			sourceTree = "<group>";
		};
		C8A3A7802953352D005D37CE /* Terrainium */ = {
			isa = PBXGroup;
			children = (
				C8A3A7812953352D005D37CE /* AppDelegate.swift */,
				C8A3A7832953352D005D37CE /* GameViewController.swift */,
				C8A3A7852953352D005D37CE /* Renderer.swift */,
				C89125A1295475800063F1C4 /* Common.h */,
				C8A3A7872953352D005D37CE /* Shaders.metal */,
				C8F91FE929967E4700508AF9 /* Tessellator.metal */,
				C8A3A78A29533531005D37CE /* Assets.xcassets */,
				C8A3A78C29533531005D37CE /* Main.storyboard */,
				C8A3A78F29533531005D37CE /* Terrainium.entitlements */,
			);
			path = Terrainium;
			sourceTree = "<group>";
		};
		C8CED859251BA7E600F8F8F6 /* Utility */ = {
			isa = PBXGroup;
			children = (
				C80B5B7E23EC434D0004F726 /* AppDelegate.swift */,
				C80B5B9123EC43AC0004F726 /* ViewController.swift */,
				C83EFD1B25991BF200A98367 /* TextureUtility.swift */,
				C827FE0423EDB54300F75DAE /* MathsUtility.swift */,
				C80B5B8723EC434E0004F726 /* Main.storyboard */,
				C80B5B8A23EC434E0004F726 /* Info.plist */,
				C80B5B8B23EC434E0004F726 /* WorldJourney.entitlements */,
			);
			path = Utility;
			sourceTree = "<group>";
		};
		C8ECABA225535EFC00F73F9A /* Assets */ = {
			isa = PBXGroup;
			children = (
				C80B5B8223EC434E0004F726 /* Assets.xcassets */,
				C82D18AA26B7DD2E00B87AF4 /* A_Simple_Rock.usdz */,
				C82D18B526B8498C00B87AF4 /* Rock_Stone_02.usdz */,
				C82D18BB26B93F2300B87AF4 /* Rock.usdz */,
				C84D6C4426BC0671003932B0 /* low_poly_stone.usdz */,
				C8BB5B23255A9145008E6F7B /* toy_biplane.usdz */,
				C8E46F8226BC2FF30060FE71 /* Shuttle_Typ_15.usdz */,
				C8E46F8426BC2FF70060FE71 /* Xylophis_Light_Shuttle_by_Nyankosensei.usdz */,
				C8E46F8026BC2E8D0060FE71 /* Lunar_Shuttle.usdz */,
			);
			path = Assets;
			sourceTree = "<group>";
		};
/* End PBXGroup section */

/* Begin PBXNativeTarget section */
		C80B5B7A23EC434D0004F726 /* WorldJourney */ = {
			isa = PBXNativeTarget;
			buildConfigurationList = C80B5B8E23EC434E0004F726 /* Build configuration list for PBXNativeTarget "WorldJourney" */;
			buildPhases = (
				C80B5B7723EC434D0004F726 /* Sources */,
				C80B5B7823EC434D0004F726 /* Frameworks */,
				C80B5B7923EC434D0004F726 /* Resources */,
			);
			buildRules = (
			);
			dependencies = (
			);
			name = WorldJourney;
			packageProductDependencies = (
				C8226BCE25AA852400F74E7D /* PhyKit */,
			);
			productName = Metal1;
			productReference = C80B5B7B23EC434D0004F726 /* WorldJourney.app */;
			productType = "com.apple.product-type.application";
		};
		C8A3A77E2953352D005D37CE /* Terrainium */ = {
			isa = PBXNativeTarget;
			buildConfigurationList = C8A3A79229533531005D37CE /* Build configuration list for PBXNativeTarget "Terrainium" */;
			buildPhases = (
				C8A3A77B2953352D005D37CE /* Sources */,
				C8A3A77C2953352D005D37CE /* Frameworks */,
				C8A3A77D2953352D005D37CE /* Resources */,
			);
			buildRules = (
			);
			dependencies = (
			);
			name = Terrainium;
			productName = Terrainium;
			productReference = C8A3A77F2953352D005D37CE /* Terrainium.app */;
			productType = "com.apple.product-type.application";
		};
/* End PBXNativeTarget section */

/* Begin PBXProject section */
		C80B5B7323EC434D0004F726 /* Project object */ = {
			isa = PBXProject;
			attributes = {
				LastSwiftUpdateCheck = 1420;
				LastUpgradeCheck = 1200;
				ORGANIZATIONNAME = cutting.io;
				TargetAttributes = {
					C80B5B7A23EC434D0004F726 = {
						CreatedOnToolsVersion = 11.3.1;
					};
					C8A3A77E2953352D005D37CE = {
						CreatedOnToolsVersion = 14.2;
					};
				};
			};
			buildConfigurationList = C80B5B7623EC434D0004F726 /* Build configuration list for PBXProject "WorldJourney" */;
			compatibilityVersion = "Xcode 9.3";
			developmentRegion = en;
			hasScannedForEncodings = 0;
			knownRegions = (
				en,
				Base,
			);
			mainGroup = C80B5B7223EC434D0004F726;
			packageReferences = (
			);
			productRefGroup = C80B5B7C23EC434D0004F726 /* Products */;
			projectDirPath = "";
			projectRoot = "";
			targets = (
				C80B5B7A23EC434D0004F726 /* WorldJourney */,
				C8A3A77E2953352D005D37CE /* Terrainium */,
			);
		};
/* End PBXProject section */

/* Begin PBXResourcesBuildPhase section */
		C80B5B7923EC434D0004F726 /* Resources */ = {
			isa = PBXResourcesBuildPhase;
			buildActionMask = 2147483647;
			files = (
				C8BB5B24255A9145008E6F7B /* toy_biplane.usdz in Resources */,
				C82D18BC26B93F2300B87AF4 /* Rock.usdz in Resources */,
				C82783D926D28E3000AB8E30 /* HUD.sks in Resources */,
				C8E46F8126BC2E8D0060FE71 /* Lunar_Shuttle.usdz in Resources */,
				C80B5B8923EC434E0004F726 /* Main.storyboard in Resources */,
				C82D18B626B8498C00B87AF4 /* Rock_Stone_02.usdz in Resources */,
				C8E46F8526BC2FF70060FE71 /* Xylophis_Light_Shuttle_by_Nyankosensei.usdz in Resources */,
				C839FB8624A00EAB00779F2C /* README.md in Resources */,
				C828181E26CF926400673EAC /* MenuScene.sks in Resources */,
				C80B5B8323EC434E0004F726 /* Assets.xcassets in Resources */,
				C82D18AB26B7DD2E00B87AF4 /* A_Simple_Rock.usdz in Resources */,
				C84D6C4526BC0671003932B0 /* low_poly_stone.usdz in Resources */,
				C8E46F8326BC2FF30060FE71 /* Shuttle_Typ_15.usdz in Resources */,
			);
			runOnlyForDeploymentPostprocessing = 0;
		};
		C8A3A77D2953352D005D37CE /* Resources */ = {
			isa = PBXResourcesBuildPhase;
			buildActionMask = 2147483647;
			files = (
				C8A3A78B29533531005D37CE /* Assets.xcassets in Resources */,
				C8A3A78E29533531005D37CE /* Main.storyboard in Resources */,
			);
			runOnlyForDeploymentPostprocessing = 0;
		};
/* End PBXResourcesBuildPhase section */

/* Begin PBXSourcesBuildPhase section */
		C80B5B7723EC434D0004F726 /* Sources */ = {
			isa = PBXSourcesBuildPhase;
			buildActionMask = 2147483647;
			files = (
				C8718E8E2537BC14000B9C22 /* Tessellator.swift in Sources */,
				C8302A8526B67B7700195986 /* Objects.swift in Sources */,
				C8B97DC92538D9FA00A51142 /* Compositor.swift in Sources */,
				C88251DC251BB47F00BFB6D7 /* Environs.metal in Sources */,
				C839FB8524A00EAB00779F2C /* Mouse.swift in Sources */,
				C894170B2582DB0200DAB2F9 /* Skybox.metal in Sources */,
				C882C7DB29C5A2F900CAE8A2 /* InfiniteNoise.metal in Sources */,
				C8ECABA52553655D00F73F9A /* Objects.metal in Sources */,
				C8B97DD52538FE2B00A51142 /* Planets.swift in Sources */,
				C827FE0323EDA38A00F75DAE /* Renderer.swift in Sources */,
				C839FB8724A00EAB00779F2C /* ViewInputExtension.swift in Sources */,
				C82783D326D2732700AB8E30 /* RenderPass.swift in Sources */,
				C88251D8251BB42100BFB6D7 /* Tessellator.metal in Sources */,
				C80B5B9223EC43AC0004F726 /* ViewController.swift in Sources */,
				C80B5B7F23EC434D0004F726 /* AppDelegate.swift in Sources */,
				C88A90522673896D0089B4B8 /* Noise.metal in Sources */,
				C877CF722A1AE6B800E6AF9D /* WorldTerrain.metal in Sources */,
				C894170E2582DB3C00DAB2F9 /* Skybox.swift in Sources */,
				C8B97DD12538F39600A51142 /* Environs.swift in Sources */,
				C88A9050267389090089B4B8 /* Keyboard.swift in Sources */,
				C88A9051267389290089B4B8 /* KeyCodes.swift in Sources */,
				C82783D526D2751E00AB8E30 /* Overlay.metal in Sources */,
				C827FE0523EDB54300F75DAE /* MathsUtility.swift in Sources */,
				C83EFD1C25991BF200A98367 /* TextureUtility.swift in Sources */,
				C82783D726D275BD00AB8E30 /* Overlay.swift in Sources */,
				C88251D1251BB36400BFB6D7 /* Compositor.metal in Sources */,
				C88C7E2826C0EC3D00A57056 /* Solar.swift in Sources */,
				C8B97DCD2538EF6200A51142 /* GBuffer.swift in Sources */,
				C831187D249C3DF0003FF7F8 /* Terrain.metal in Sources */,
				C88251D5251BB3EF00BFB6D7 /* GBuffer.metal in Sources */,
				C8FBAC1225A9395600CE4EFB /* Physics.swift in Sources */,
				C82D18AD26B818F600B87AF4 /* Maths.metal in Sources */,
			);
			runOnlyForDeploymentPostprocessing = 0;
		};
		C8A3A77B2953352D005D37CE /* Sources */ = {
			isa = PBXSourcesBuildPhase;
			buildActionMask = 2147483647;
			files = (
				C8A3A793295335F1005D37CE /* Noise.metal in Sources */,
				C877CF742A1AE6F400E6AF9D /* WorldTerrain.metal in Sources */,
				C8A3A794295335F6005D37CE /* Terrain.metal in Sources */,
				C8A3A7882953352D005D37CE /* Shaders.metal in Sources */,
				C8A3A7842953352D005D37CE /* GameViewController.swift in Sources */,
				C8F91FEA29967E4700508AF9 /* Tessellator.metal in Sources */,
				C8A3A7862953352D005D37CE /* Renderer.swift in Sources */,
				C8A3A795295335F9005D37CE /* Maths.metal in Sources */,
				C89125A2295497F60063F1C4 /* MathsUtility.swift in Sources */,
				C882C7DC29C5A2FD00CAE8A2 /* InfiniteNoise.metal in Sources */,
				C8A3A7822953352D005D37CE /* AppDelegate.swift in Sources */,
			);
			runOnlyForDeploymentPostprocessing = 0;
		};
/* End PBXSourcesBuildPhase section */

/* Begin PBXVariantGroup section */
		C80B5B8723EC434E0004F726 /* Main.storyboard */ = {
			isa = PBXVariantGroup;
			children = (
				C80B5B8823EC434E0004F726 /* Base */,
			);
			name = Main.storyboard;
			sourceTree = "<group>";
		};
		C8A3A78C29533531005D37CE /* Main.storyboard */ = {
			isa = PBXVariantGroup;
			children = (
				C8A3A78D29533531005D37CE /* Base */,
			);
			name = Main.storyboard;
			sourceTree = "<group>";
		};
/* End PBXVariantGroup section */

/* Begin XCBuildConfiguration section */
		C80B5B8C23EC434E0004F726 /* Debug */ = {
			isa = XCBuildConfiguration;
			buildSettings = {
				ALWAYS_SEARCH_USER_PATHS = NO;
				CLANG_ANALYZER_NONNULL = YES;
				CLANG_ANALYZER_NUMBER_OBJECT_CONVERSION = YES_AGGRESSIVE;
				CLANG_CXX_LANGUAGE_STANDARD = "gnu++14";
				CLANG_CXX_LIBRARY = "libc++";
				CLANG_ENABLE_MODULES = YES;
				CLANG_ENABLE_OBJC_ARC = YES;
				CLANG_ENABLE_OBJC_WEAK = YES;
				CLANG_WARN_BLOCK_CAPTURE_AUTORELEASING = YES;
				CLANG_WARN_BOOL_CONVERSION = YES;
				CLANG_WARN_COMMA = YES;
				CLANG_WARN_CONSTANT_CONVERSION = YES;
				CLANG_WARN_DEPRECATED_OBJC_IMPLEMENTATIONS = YES;
				CLANG_WARN_DIRECT_OBJC_ISA_USAGE = YES_ERROR;
				CLANG_WARN_DOCUMENTATION_COMMENTS = YES;
				CLANG_WARN_EMPTY_BODY = YES;
				CLANG_WARN_ENUM_CONVERSION = YES;
				CLANG_WARN_INFINITE_RECURSION = YES;
				CLANG_WARN_INT_CONVERSION = YES;
				CLANG_WARN_NON_LITERAL_NULL_CONVERSION = YES;
				CLANG_WARN_OBJC_IMPLICIT_RETAIN_SELF = YES;
				CLANG_WARN_OBJC_LITERAL_CONVERSION = YES;
				CLANG_WARN_OBJC_ROOT_CLASS = YES_ERROR;
				CLANG_WARN_QUOTED_INCLUDE_IN_FRAMEWORK_HEADER = YES;
				CLANG_WARN_RANGE_LOOP_ANALYSIS = YES;
				CLANG_WARN_STRICT_PROTOTYPES = YES;
				CLANG_WARN_SUSPICIOUS_MOVE = YES;
				CLANG_WARN_UNGUARDED_AVAILABILITY = YES_AGGRESSIVE;
				CLANG_WARN_UNREACHABLE_CODE = YES;
				CLANG_WARN__DUPLICATE_METHOD_MATCH = YES;
				COPY_PHASE_STRIP = NO;
				DEBUG_INFORMATION_FORMAT = dwarf;
				ENABLE_STRICT_OBJC_MSGSEND = YES;
				ENABLE_TESTABILITY = YES;
				GCC_C_LANGUAGE_STANDARD = gnu11;
				GCC_DYNAMIC_NO_PIC = NO;
				GCC_NO_COMMON_BLOCKS = YES;
				GCC_OPTIMIZATION_LEVEL = 0;
				GCC_PREPROCESSOR_DEFINITIONS = (
					"DEBUG=1",
					"$(inherited)",
				);
				GCC_WARN_64_TO_32_BIT_CONVERSION = YES;
				GCC_WARN_ABOUT_RETURN_TYPE = YES_ERROR;
				GCC_WARN_UNDECLARED_SELECTOR = YES;
				GCC_WARN_UNINITIALIZED_AUTOS = YES_AGGRESSIVE;
				GCC_WARN_UNUSED_FUNCTION = YES;
				GCC_WARN_UNUSED_VARIABLE = YES;
				MACOSX_DEPLOYMENT_TARGET = 10.15;
				MTL_ENABLE_DEBUG_INFO = INCLUDE_SOURCE;
				MTL_FAST_MATH = YES;
				ONLY_ACTIVE_ARCH = YES;
				SDKROOT = macosx;
				SWIFT_ACTIVE_COMPILATION_CONDITIONS = DEBUG;
				SWIFT_OPTIMIZATION_LEVEL = "-Onone";
			};
			name = Debug;
		};
		C80B5B8D23EC434E0004F726 /* Release */ = {
			isa = XCBuildConfiguration;
			buildSettings = {
				ALWAYS_SEARCH_USER_PATHS = NO;
				CLANG_ANALYZER_NONNULL = YES;
				CLANG_ANALYZER_NUMBER_OBJECT_CONVERSION = YES_AGGRESSIVE;
				CLANG_CXX_LANGUAGE_STANDARD = "gnu++14";
				CLANG_CXX_LIBRARY = "libc++";
				CLANG_ENABLE_MODULES = YES;
				CLANG_ENABLE_OBJC_ARC = YES;
				CLANG_ENABLE_OBJC_WEAK = YES;
				CLANG_WARN_BLOCK_CAPTURE_AUTORELEASING = YES;
				CLANG_WARN_BOOL_CONVERSION = YES;
				CLANG_WARN_COMMA = YES;
				CLANG_WARN_CONSTANT_CONVERSION = YES;
				CLANG_WARN_DEPRECATED_OBJC_IMPLEMENTATIONS = YES;
				CLANG_WARN_DIRECT_OBJC_ISA_USAGE = YES_ERROR;
				CLANG_WARN_DOCUMENTATION_COMMENTS = YES;
				CLANG_WARN_EMPTY_BODY = YES;
				CLANG_WARN_ENUM_CONVERSION = YES;
				CLANG_WARN_INFINITE_RECURSION = YES;
				CLANG_WARN_INT_CONVERSION = YES;
				CLANG_WARN_NON_LITERAL_NULL_CONVERSION = YES;
				CLANG_WARN_OBJC_IMPLICIT_RETAIN_SELF = YES;
				CLANG_WARN_OBJC_LITERAL_CONVERSION = YES;
				CLANG_WARN_OBJC_ROOT_CLASS = YES_ERROR;
				CLANG_WARN_QUOTED_INCLUDE_IN_FRAMEWORK_HEADER = YES;
				CLANG_WARN_RANGE_LOOP_ANALYSIS = YES;
				CLANG_WARN_STRICT_PROTOTYPES = YES;
				CLANG_WARN_SUSPICIOUS_MOVE = YES;
				CLANG_WARN_UNGUARDED_AVAILABILITY = YES_AGGRESSIVE;
				CLANG_WARN_UNREACHABLE_CODE = YES;
				CLANG_WARN__DUPLICATE_METHOD_MATCH = YES;
				COPY_PHASE_STRIP = NO;
				DEBUG_INFORMATION_FORMAT = "dwarf-with-dsym";
				ENABLE_NS_ASSERTIONS = NO;
				ENABLE_STRICT_OBJC_MSGSEND = YES;
				GCC_C_LANGUAGE_STANDARD = gnu11;
				GCC_NO_COMMON_BLOCKS = YES;
				GCC_WARN_64_TO_32_BIT_CONVERSION = YES;
				GCC_WARN_ABOUT_RETURN_TYPE = YES_ERROR;
				GCC_WARN_UNDECLARED_SELECTOR = YES;
				GCC_WARN_UNINITIALIZED_AUTOS = YES_AGGRESSIVE;
				GCC_WARN_UNUSED_FUNCTION = YES;
				GCC_WARN_UNUSED_VARIABLE = YES;
				MACOSX_DEPLOYMENT_TARGET = 10.15;
				MTL_ENABLE_DEBUG_INFO = NO;
				MTL_FAST_MATH = YES;
				SDKROOT = macosx;
				SWIFT_COMPILATION_MODE = wholemodule;
				SWIFT_OPTIMIZATION_LEVEL = "-O";
			};
			name = Release;
		};
		C80B5B8F23EC434E0004F726 /* Debug */ = {
			isa = XCBuildConfiguration;
			buildSettings = {
				ASSETCATALOG_COMPILER_APPICON_NAME = AppIcon;
				CODE_SIGN_ENTITLEMENTS = WorldJourney/Utility/WorldJourney.entitlements;
				CODE_SIGN_IDENTITY = "-";
				CODE_SIGN_STYLE = Automatic;
				COMBINE_HIDPI_IMAGES = YES;
				DEVELOPMENT_TEAM = AYHK8KU7G7;
				ENABLE_HARDENED_RUNTIME = YES;
				ENABLE_PREVIEWS = YES;
				INFOPLIST_FILE = WorldJourney/Utility/Info.plist;
				LD_RUNPATH_SEARCH_PATHS = (
					"$(inherited)",
					"@executable_path/../Frameworks",
				);
				MACOSX_DEPLOYMENT_TARGET = 11.1;
				OTHER_CPLUSPLUSFLAGS = (
					"$(OTHER_CFLAGS)",
					"–ffast-math",
				);
				PRODUCT_BUNDLE_IDENTIFIER = com.worldjourney.mac;
				PRODUCT_NAME = "$(TARGET_NAME)";
				SWIFT_OBJC_BRIDGING_HEADER = WorldJourney/Common.h;
				SWIFT_VERSION = 5.0;
			};
			name = Debug;
		};
		C80B5B9023EC434E0004F726 /* Release */ = {
			isa = XCBuildConfiguration;
			buildSettings = {
				ASSETCATALOG_COMPILER_APPICON_NAME = AppIcon;
				CODE_SIGN_ENTITLEMENTS = WorldJourney/Utility/WorldJourney.entitlements;
				CODE_SIGN_IDENTITY = "-";
				CODE_SIGN_STYLE = Automatic;
				COMBINE_HIDPI_IMAGES = YES;
				DEVELOPMENT_TEAM = AYHK8KU7G7;
				ENABLE_HARDENED_RUNTIME = YES;
				ENABLE_PREVIEWS = YES;
				INFOPLIST_FILE = WorldJourney/Utility/Info.plist;
				LD_RUNPATH_SEARCH_PATHS = (
					"$(inherited)",
					"@executable_path/../Frameworks",
				);
				MACOSX_DEPLOYMENT_TARGET = 11.1;
				OTHER_CPLUSPLUSFLAGS = (
					"$(OTHER_CFLAGS)",
					"–ffast-math",
				);
				PRODUCT_BUNDLE_IDENTIFIER = com.worldjourney.mac;
				PRODUCT_NAME = "$(TARGET_NAME)";
				SWIFT_OBJC_BRIDGING_HEADER = WorldJourney/Common.h;
				SWIFT_VERSION = 5.0;
			};
			name = Release;
		};
		C8A3A79029533531005D37CE /* Debug */ = {
			isa = XCBuildConfiguration;
			buildSettings = {
				ASSETCATALOG_COMPILER_APPICON_NAME = AppIcon;
				ASSETCATALOG_COMPILER_GLOBAL_ACCENT_COLOR_NAME = AccentColor;
				CLANG_CXX_LANGUAGE_STANDARD = "gnu++20";
				CODE_SIGN_ENTITLEMENTS = Terrainium/Terrainium.entitlements;
				CODE_SIGN_STYLE = Automatic;
				COMBINE_HIDPI_IMAGES = YES;
				CURRENT_PROJECT_VERSION = 1;
				DEVELOPMENT_TEAM = AYHK8KU7G7;
				ENABLE_HARDENED_RUNTIME = YES;
				GENERATE_INFOPLIST_FILE = YES;
				INFOPLIST_KEY_NSHumanReadableCopyright = "Copyright © 2022 cutting.io. All rights reserved.";
				INFOPLIST_KEY_NSMainStoryboardFile = Main;
				INFOPLIST_KEY_NSPrincipalClass = NSApplication;
				LD_RUNPATH_SEARCH_PATHS = (
					"$(inherited)",
					"@executable_path/../Frameworks",
				);
				MACOSX_DEPLOYMENT_TARGET = 12.6;
				MARKETING_VERSION = 1.0;
				PRODUCT_BUNDLE_IDENTIFIER = io.cutting.Terrainium;
				PRODUCT_NAME = "$(TARGET_NAME)";
				SWIFT_EMIT_LOC_STRINGS = YES;
				SWIFT_OBJC_BRIDGING_HEADER = "$(TARGET_NAME)/Common.h";
				SWIFT_VERSION = 5.0;
			};
			name = Debug;
		};
		C8A3A79129533531005D37CE /* Release */ = {
			isa = XCBuildConfiguration;
			buildSettings = {
				ASSETCATALOG_COMPILER_APPICON_NAME = AppIcon;
				ASSETCATALOG_COMPILER_GLOBAL_ACCENT_COLOR_NAME = AccentColor;
				CLANG_CXX_LANGUAGE_STANDARD = "gnu++20";
				CODE_SIGN_ENTITLEMENTS = Terrainium/Terrainium.entitlements;
				CODE_SIGN_STYLE = Automatic;
				COMBINE_HIDPI_IMAGES = YES;
				CURRENT_PROJECT_VERSION = 1;
				DEVELOPMENT_TEAM = AYHK8KU7G7;
				ENABLE_HARDENED_RUNTIME = YES;
				GENERATE_INFOPLIST_FILE = YES;
				INFOPLIST_KEY_NSHumanReadableCopyright = "Copyright © 2022 cutting.io. All rights reserved.";
				INFOPLIST_KEY_NSMainStoryboardFile = Main;
				INFOPLIST_KEY_NSPrincipalClass = NSApplication;
				LD_RUNPATH_SEARCH_PATHS = (
					"$(inherited)",
					"@executable_path/../Frameworks",
				);
				MACOSX_DEPLOYMENT_TARGET = 12.6;
				MARKETING_VERSION = 1.0;
				PRODUCT_BUNDLE_IDENTIFIER = io.cutting.Terrainium;
				PRODUCT_NAME = "$(TARGET_NAME)";
				SWIFT_EMIT_LOC_STRINGS = YES;
				SWIFT_OBJC_BRIDGING_HEADER = "$(TARGET_NAME)/Common.h";
				SWIFT_VERSION = 5.0;
			};
			name = Release;
		};
/* End XCBuildConfiguration section */

/* Begin XCConfigurationList section */
		C80B5B7623EC434D0004F726 /* Build configuration list for PBXProject "WorldJourney" */ = {
			isa = XCConfigurationList;
			buildConfigurations = (
				C80B5B8C23EC434E0004F726 /* Debug */,
				C80B5B8D23EC434E0004F726 /* Release */,
			);
			defaultConfigurationIsVisible = 0;
			defaultConfigurationName = Release;
		};
		C80B5B8E23EC434E0004F726 /* Build configuration list for PBXNativeTarget "WorldJourney" */ = {
			isa = XCConfigurationList;
			buildConfigurations = (
				C80B5B8F23EC434E0004F726 /* Debug */,
				C80B5B9023EC434E0004F726 /* Release */,
			);
			defaultConfigurationIsVisible = 0;
			defaultConfigurationName = Release;
		};
		C8A3A79229533531005D37CE /* Build configuration list for PBXNativeTarget "Terrainium" */ = {
			isa = XCConfigurationList;
			buildConfigurations = (
				C8A3A79029533531005D37CE /* Debug */,
				C8A3A79129533531005D37CE /* Release */,
			);
			defaultConfigurationIsVisible = 0;
			defaultConfigurationName = Release;
		};
/* End XCConfigurationList section */

/* Begin XCSwiftPackageProductDependency section */
		C8226BCE25AA852400F74E7D /* PhyKit */ = {
			isa = XCSwiftPackageProductDependency;
			productName = PhyKit;
		};
/* End XCSwiftPackageProductDependency section */
	};
	rootObject = C80B5B7323EC434D0004F726 /* Project object */;
}
